
Microsoft Visual Studio Solution File, Format Version 12.00
# Visual Studio 15
VisualStudioVersion = 15.0.27130.2010
MinimumVisualStudioVersion = 10.0.40219.1
Project("{2150E333-8FDC-42A3-9474-1A3956D46DE8}") = "01.CSharpBasic", "01.CSharpBasic", "{FFB945EB-B783-4385-A2A0-B792D57B2E27}"
	ProjectSection(SolutionItems) = preProject
		CSharpBasic\Readme.txt = CSharpBasic\Readme.txt
	EndProjectSection
EndProject
Project("{2150E333-8FDC-42A3-9474-1A3956D46DE8}") = "01. Introduction-to-Programming", "01. Introduction-to-Programming", "{EB92A624-3E1B-4D64-8ADA-6E7E6305EE66}"
EndProject
Project("{2150E333-8FDC-42A3-9474-1A3956D46DE8}") = "02.CSharpAdvanced", "02.CSharpAdvanced", "{07CCF158-D869-40B9-8311-090032A76C1A}"
EndProject
Project("{2150E333-8FDC-42A3-9474-1A3956D46DE8}") = "02. Data-Types-and-Variables", "02. Data-Types-and-Variables", "{BEB7D767-6772-4621-886C-F4DEFF6A9C1F}"
EndProject
Project("{2150E333-8FDC-42A3-9474-1A3956D46DE8}") = "03. Operators-and-Expressions", "03. Operators-and-Expressions", "{6D41E1D4-DAFF-484A-AF31-CEA14084FCE6}"
EndProject
Project("{2150E333-8FDC-42A3-9474-1A3956D46DE8}") = "04. Console-In-and-Out", "04. Console-In-and-Out", "{25E9C4C7-5FFA-446F-9D7F-CDCC032C3F20}"
EndProject
Project("{2150E333-8FDC-42A3-9474-1A3956D46DE8}") = "05. Conditional-Statements", "05. Conditional-Statements", "{6CB4E256-904C-4B79-A257-DF6E1B96D38D}"
EndProject
Project("{2150E333-8FDC-42A3-9474-1A3956D46DE8}") = "06. Loops", "06. Loops", "{0D4239DF-82A6-4AB6-82A8-A51F33AE2E15}"
EndProject
Project("{2150E333-8FDC-42A3-9474-1A3956D46DE8}") = "07. Arrays", "07. Arrays", "{F0090FF6-7D85-4AC1-BC51-E3C0E5570C5B}"
	ProjectSection(SolutionItems) = preProject
		CSharpBasic\07. Arrays\readme.txt = CSharpBasic\07. Arrays\readme.txt
	EndProjectSection
EndProject
Project("{2150E333-8FDC-42A3-9474-1A3956D46DE8}") = "01. Multidimensional-Arrays", "01. Multidimensional-Arrays", "{30B13FA8-3C14-44E3-8445-5AE0AAA52D01}"
EndProject
Project("{2150E333-8FDC-42A3-9474-1A3956D46DE8}") = "02. Methods", "02. Methods", "{63E9B854-33AA-4F7A-9A22-2D039159D6A0}"
EndProject
Project("{2150E333-8FDC-42A3-9474-1A3956D46DE8}") = "03. Numeral-Systems", "03. Numeral-Systems", "{178B7D57-3EA0-4F93-9DE2-C9E4A275AAE4}"
EndProject
Project("{2150E333-8FDC-42A3-9474-1A3956D46DE8}") = "04. Using-Classes-and-Objects", "04. Using-Classes-and-Objects", "{D8FE1A3A-A009-4C42-82A7-EB7C9D76E9CB}"
EndProject
Project("{2150E333-8FDC-42A3-9474-1A3956D46DE8}") = "05. Strings-and-Text-Processing", "05. Strings-and-Text-Processing", "{CDA84D87-AAAA-4369-B3D3-6C29F5F1C289}"
EndProject
Project("{2150E333-8FDC-42A3-9474-1A3956D46DE8}") = "06. Exception-Handling", "06. Exception-Handling", "{F62D3CB8-14C8-45D7-A06B-AA566755A182}"
EndProject
Project("{2150E333-8FDC-42A3-9474-1A3956D46DE8}") = "07. Text-Files", "07. Text-Files", "{C6917D0F-C238-47B0-9B3E-53F2CFDA950A}"
EndProject
Project("{FAE04EC0-301F-11D3-BF4B-00C04F79EFBC}") = "01.DeclareVariables", "CSharpBasic\02. Data-Types-and-Variables\01.DeclareVariables\01.DeclareVariables.csproj", "{8A8ADAD5-A94D-4AA0-8B77-AA6582C18E58}"
EndProject
Project("{FAE04EC0-301F-11D3-BF4B-00C04F79EFBC}") = "07.QuotesInStrings", "CSharpBasic\02. Data-Types-and-Variables\07.QuotesInStrings\07.QuotesInStrings.csproj", "{9044924A-35A3-41FF-A41E-F1E1350A61BD}"
EndProject
Project("{FAE04EC0-301F-11D3-BF4B-00C04F79EFBC}") = "02.FloatorDouble", "CSharpBasic\02. Data-Types-and-Variables\02.FloatorDouble\02.FloatorDouble.csproj", "{45195A6C-500B-41C3-B47C-C0F091AF17EE}"
EndProject
Project("{FAE04EC0-301F-11D3-BF4B-00C04F79EFBC}") = "03.VariableinHexadecimalFormat", "CSharpBasic\02. Data-Types-and-Variables\03.VariableinHexadecimalFormat\03.VariableinHexadecimalFormat.csproj", "{3B7DBB7C-FFDC-4B94-9ABE-0AFB8A1FF52E}"
EndProject
Project("{FAE04EC0-301F-11D3-BF4B-00C04F79EFBC}") = "04.UnicodeCharacter", "CSharpBasic\02. Data-Types-and-Variables\04.UnicodeCharacter\04.UnicodeCharacter.csproj", "{729D4B89-29A4-4F22-94A6-121AFCFB0258}"
EndProject
Project("{FAE04EC0-301F-11D3-BF4B-00C04F79EFBC}") = "05.BooleanVariable", "CSharpBasic\02. Data-Types-and-Variables\05. Boolean Variable\05.BooleanVariable.csproj", "{82C13F20-2E6D-4E5F-BE79-1C08C0132AC0}"
EndProject
Project("{FAE04EC0-301F-11D3-BF4B-00C04F79EFBC}") = "06.StringsAndObjects", "CSharpBasic\02. Data-Types-and-Variables\06.StringsandObjects\06.StringsAndObjects.csproj", "{10281BDE-898F-4BF4-A1E1-DB310FA6E088}"
EndProject
Project("{FAE04EC0-301F-11D3-BF4B-00C04F79EFBC}") = "08.IsoscelesTriangle", "CSharpBasic\02. Data-Types-and-Variables\08.IsoscelesTriangle\08.IsoscelesTriangle.csproj", "{480A344D-5D02-4EC1-814B-DDF1F3CBB590}"
EndProject
Project("{FAE04EC0-301F-11D3-BF4B-00C04F79EFBC}") = "09.ExchangeVariableValues", "CSharpBasic\02. Data-Types-and-Variables\09.ExchangeVariableValues\09.ExchangeVariableValues.csproj", "{C34312BE-53F7-4034-BCDE-E6059D479B3E}"
EndProject
Project("{FAE04EC0-301F-11D3-BF4B-00C04F79EFBC}") = "10.EmployeeData", "CSharpBasic\02. Data-Types-and-Variables\10.EmployeeData\10.EmployeeData.csproj", "{67028E75-CD12-409A-AC29-5BF58320916F}"
EndProject
Project("{FAE04EC0-301F-11D3-BF4B-00C04F79EFBC}") = "11.BankAccountData", "CSharpBasic\02. Data-Types-and-Variables\11.BankAccountData\11.BankAccountData.csproj", "{9A85AB1E-B2B5-4D4A-BFC8-47201C39C737}"
EndProject
Project("{FAE04EC0-301F-11D3-BF4B-00C04F79EFBC}") = "12.NullValuesArithmetic", "CSharpBasic\02. Data-Types-and-Variables\12.NullValuesArithmetic\12.NullValuesArithmetic.csproj", "{B74D6CD1-7B1C-407F-82F7-BB070C052640}"
EndProject
Project("{FAE04EC0-301F-11D3-BF4B-00C04F79EFBC}") = "13.ComparingFloats", "CSharpBasic\02. Data-Types-and-Variables\13.ComparingFloats\13.ComparingFloats.csproj", "{671C4D3B-BC7F-4FE3-9698-92390806B1FE}"
EndProject
Project("{FAE04EC0-301F-11D3-BF4B-00C04F79EFBC}") = "14.PrinttheASCIITable", "CSharpBasic\02. Data-Types-and-Variables\14.PrinttheASCIITable\14.PrinttheASCIITable.csproj", "{407733B0-FE19-4D73-904D-0C25B1EF3DC7}"
EndProject
Project("{FAE04EC0-301F-11D3-BF4B-00C04F79EFBC}") = "01.OddorEven", "CSharpBasic\03. Operators-and-Expressions\01.OddorEven\01.OddorEven.csproj", "{961605BF-2B44-4322-841A-39E3A8A57DC5}"
EndProject
Project("{FAE04EC0-301F-11D3-BF4B-00C04F79EFBC}") = "02.MoonGravity", "CSharpBasic\03. Operators-and-Expressions\02.MoonGravity\02.MoonGravity.csproj", "{9E0032B3-B5FA-41D9-BD87-20DB9D2E8123}"
EndProject
Project("{FAE04EC0-301F-11D3-BF4B-00C04F79EFBC}") = "03.DivideBy7And5", "CSharpBasic\03. Operators-and-Expressions\03.DivideBy7And5\03.DivideBy7And5.csproj", "{8119AB43-CE94-479D-8C38-C89757747A98}"
EndProject
Project("{FAE04EC0-301F-11D3-BF4B-00C04F79EFBC}") = "04.Rectangles", "CSharpBasic\03. Operators-and-Expressions\04.Rectangles\04.Rectangles.csproj", "{304B468C-0C8A-4BFE-B7F6-C23EDCFAC6B9}"
EndProject
Project("{FAE04EC0-301F-11D3-BF4B-00C04F79EFBC}") = "05.ThirdDigit", "CSharpBasic\03. Operators-and-Expressions\05.ThirdDigit\05.ThirdDigit.csproj", "{60B1C8BB-C690-4BB5-AA73-5BE0C0006F2D}"
EndProject
Project("{FAE04EC0-301F-11D3-BF4B-00C04F79EFBC}") = "06.FourDigits", "CSharpBasic\03. Operators-and-Expressions\06.FourDigits\06.FourDigits.csproj", "{24FAE50B-32FE-4629-A23C-CF69075260DA}"
EndProject
Project("{FAE04EC0-301F-11D3-BF4B-00C04F79EFBC}") = "10.Point-Circle-Rectangle", "CSharpBasic\03. Operators-and-Expressions\10.Point-Circle-Rectangle\10.Point-Circle-Rectangle.csproj", "{33307247-0140-4238-8B1F-CB6829651C14}"
EndProject
Project("{FAE04EC0-301F-11D3-BF4B-00C04F79EFBC}") = "11.3rdBit", "CSharpBasic\03. Operators-and-Expressions\11.3rdBit\11.3rdBit.csproj", "{C2B39882-AEEA-4D98-A22F-DE3A148F60FF}"
EndProject
Project("{FAE04EC0-301F-11D3-BF4B-00C04F79EFBC}") = "12.N-thBit", "CSharpBasic\03. Operators-and-Expressions\12.N-thBit\12.N-thBit.csproj", "{56C190C4-DC39-41D1-A701-7ECC47B6E787}"
EndProject
Project("{FAE04EC0-301F-11D3-BF4B-00C04F79EFBC}") = "13.ModifyBit", "CSharpBasic\03. Operators-and-Expressions\13.ModifyBit\13.ModifyBit.csproj", "{77CF60D2-7EF1-4403-ACAC-C91E802BDA0A}"
EndProject
Project("{FAE04EC0-301F-11D3-BF4B-00C04F79EFBC}") = "14.BitExchange", "CSharpBasic\03. Operators-and-Expressions\14.BitExchange\14.BitExchange.csproj", "{306A25C1-FD8B-4086-9B48-AE664F436C92}"
EndProject
Project("{FAE04EC0-301F-11D3-BF4B-00C04F79EFBC}") = "01.SumOf3Numbers", "CSharpBasic\04. Console-In-and-Out\01.SumOf3Numbers\01.SumOf3Numbers.csproj", "{066542A4-8754-45BA-A08F-96C00A87FDE7}"
EndProject
Project("{FAE04EC0-301F-11D3-BF4B-00C04F79EFBC}") = "02.CompanyInfo", "CSharpBasic\04. Console-In-and-Out\02.CompanyInfo\02.CompanyInfo.csproj", "{1E58DA4F-8F81-41D6-9DBD-5D94061C8D74}"
EndProject
Project("{FAE04EC0-301F-11D3-BF4B-00C04F79EFBC}") = "03.Circle", "CSharpBasic\04. Console-In-and-Out\03.Circle\03.Circle.csproj", "{EB47F1B4-EDE3-4F89-8AB0-517DFC36734C}"
EndProject
Project("{FAE04EC0-301F-11D3-BF4B-00C04F79EFBC}") = "05.NumbersComparer", "CSharpBasic\04. Console-In-and-Out\05.NumbersComparer\05.NumbersComparer.csproj", "{3C028539-DD59-49E1-A45E-44B4BECAA675}"
EndProject
Project("{FAE04EC0-301F-11D3-BF4B-00C04F79EFBC}") = "06.QuadraticEquation", "CSharpBasic\04. Console-In-and-Out\06.QuadraticEquation\06.QuadraticEquation.csproj", "{0E9A4093-F261-4A8B-B2CE-5536C1782850}"
EndProject
Project("{FAE04EC0-301F-11D3-BF4B-00C04F79EFBC}") = "07.SumOf5Numbers", "CSharpBasic\04. Console-In-and-Out\07.SumOf5Numbers\07.SumOf5Numbers.csproj", "{A4017AD3-BE98-48DE-B354-FC4F68704012}"
EndProject
Project("{FAE04EC0-301F-11D3-BF4B-00C04F79EFBC}") = "08.NumbersFrom1ToN", "CSharpBasic\04. Console-In-and-Out\08.NumbersFrom1ToN\08.NumbersFrom1ToN.csproj", "{23B53447-E489-4B35-B7A1-2944407799DB}"
EndProject
Project("{FAE04EC0-301F-11D3-BF4B-00C04F79EFBC}") = "09. SumOfNNumbers", "CSharpBasic\04. Console-In-and-Out\09. SumOfNNumbers\09. SumOfNNumbers.csproj", "{2406FAC6-1D07-46DE-942B-BD92E08DF170}"
EndProject
Project("{FAE04EC0-301F-11D3-BF4B-00C04F79EFBC}") = "10.FibonacciNumbers", "CSharpBasic\04. Console-In-and-Out\10.FibonacciNumbers\10.FibonacciNumbers.csproj", "{83859D43-BD0D-489A-ADC4-13B019A7AF71}"
EndProject
Project("{FAE04EC0-301F-11D3-BF4B-00C04F79EFBC}") = "11.Interval", "CSharpBasic\04. Console-In-and-Out\11.Interval\11.Interval.csproj", "{548EFF80-3E63-4583-80A5-AD03A121C30D}"
EndProject
Project("{FAE04EC0-301F-11D3-BF4B-00C04F79EFBC}") = "01.ExchangeIfGreater", "CSharpBasic\05. Conditional-Statements\01.ExchangeIfGreater\01.ExchangeIfGreater.csproj", "{4A7497E4-9B58-4A43-BCD8-D83213A26744}"
EndProject
Project("{FAE04EC0-301F-11D3-BF4B-00C04F79EFBC}") = "02.BonusScore", "CSharpBasic\05. Conditional-Statements\02.BonusScore\02.BonusScore.csproj", "{6634B6C0-8872-44F7-8A84-EA7616657236}"
EndProject
Project("{FAE04EC0-301F-11D3-BF4B-00C04F79EFBC}") = "03.CheckForAPlayCard", "CSharpBasic\05. Conditional-Statements\03.CheckForaPlayCard\03.CheckForAPlayCard.csproj", "{9DD82925-33F5-4CBD-A17F-6941A8B6BCB1}"
EndProject
Project("{FAE04EC0-301F-11D3-BF4B-00C04F79EFBC}") = "04.MultiplicationSign", "CSharpBasic\05. Conditional-Statements\04.MultiplicationSign\04.MultiplicationSign.csproj", "{1AB1D73A-EBD5-41B8-8B37-B438ECA09802}"
EndProject
Project("{FAE04EC0-301F-11D3-BF4B-00C04F79EFBC}") = "05.BiggestOf3", "CSharpBasic\05. Conditional-Statements\05.BiggestOf3\05.BiggestOf3.csproj", "{757A76BC-BC7E-48ED-8E7C-0E246EB414FD}"
EndProject
Project("{FAE04EC0-301F-11D3-BF4B-00C04F79EFBC}") = "06.BiggestOf5", "CSharpBasic\05. Conditional-Statements\06.BiggestOf5\06.BiggestOf5.csproj", "{137C13BB-2611-4E9F-99A0-D7D0B9221897}"
EndProject
Project("{FAE04EC0-301F-11D3-BF4B-00C04F79EFBC}") = "07.Sort3Numbers", "CSharpBasic\05. Conditional-Statements\07.Sort3Numbers\07.Sort3Numbers.csproj", "{8C91703D-7EE2-4C0D-B113-6D1AF2A64BB9}"
EndProject
Project("{FAE04EC0-301F-11D3-BF4B-00C04F79EFBC}") = "08.DigitAsWord", "CSharpBasic\05. Conditional-Statements\08.DigitAsWord\08.DigitAsWord.csproj", "{4E02BFCC-CF31-43ED-8EAD-893B73355CA7}"
EndProject
Project("{FAE04EC0-301F-11D3-BF4B-00C04F79EFBC}") = "09.IntDoubleAndString", "CSharpBasic\05. Conditional-Statements\09.IntDoubleAndString\09.IntDoubleAndString.csproj", "{48CFD755-AE3B-4CB6-B556-F2CE6FE90ED5}"
EndProject
Project("{FAE04EC0-301F-11D3-BF4B-00C04F79EFBC}") = "16.Trailing0inN!", "CSharpBasic\06. Loops\16.Trailing0inN!\16.Trailing0inN!.csproj", "{34C50C58-827A-4947-A697-AE75FADFE4AC}"
EndProject
Project("{FAE04EC0-301F-11D3-BF4B-00C04F79EFBC}") = "15.GCD", "CSharpBasic\06. Loops\15.GCD\15.GCD.csproj", "{E0FB9799-6745-45F0-8C83-465015708A58}"
EndProject
Project("{FAE04EC0-301F-11D3-BF4B-00C04F79EFBC}") = "14.Hex2Decimal", "CSharpBasic\06. Loops\14.Hex2Decimal\14.Hex2Decimal.csproj", "{68FF8BC5-715E-401A-BC20-D563C2C41CF2}"
EndProject
Project("{FAE04EC0-301F-11D3-BF4B-00C04F79EFBC}") = "13.Decimal2Hex", "CSharpBasic\06. Loops\13.Decimal2Hex\13.Decimal2Hex.csproj", "{49BE79D5-637C-443B-8F45-2C454E343BA8}"
EndProject
Project("{FAE04EC0-301F-11D3-BF4B-00C04F79EFBC}") = "12.Decimal2Binary", "CSharpBasic\06. Loops\12.Decimal2Binary\12.Decimal2Binary.csproj", "{1AB30D30-E8E3-4893-9755-438EF105FAE7}"
EndProject
Project("{FAE04EC0-301F-11D3-BF4B-00C04F79EFBC}") = "11.Binary2Decimal", "CSharpBasic\06. Loops\11.Binary2Decimal\11.Binary2Decimal.csproj", "{AFC7D2EA-5DCE-4ED7-B1AB-CD53F135D855}"
EndProject
Project("{FAE04EC0-301F-11D3-BF4B-00C04F79EFBC}") = "10.OddAndEvenProduct", "CSharpBasic\06. Loops\10.OddandEvenProduct\10.OddAndEvenProduct.csproj", "{BEE0F104-2D29-49EE-A5E5-274646744E1A}"
EndProject
Project("{FAE04EC0-301F-11D3-BF4B-00C04F79EFBC}") = "09.MatrixOfNumbers", "CSharpBasic\06. Loops\09.MatrixOfNumbers\09.MatrixOfNumbers.csproj", "{67E4A8D5-FBCB-4E09-811D-7F299B806F0E}"
EndProject
Project("{FAE04EC0-301F-11D3-BF4B-00C04F79EFBC}") = "08.CatalanNumbers", "CSharpBasic\06. Loops\08.CatalanNumbers\08.CatalanNumbers.csproj", "{CF55D94C-DD7B-4CE5-8D73-8968B1E5CB36}"
EndProject
Project("{FAE04EC0-301F-11D3-BF4B-00C04F79EFBC}") = "07.Calculate3!", "CSharpBasic\06. Loops\07.Calculate3!\07.Calculate3!.csproj", "{92F561B2-9E01-4672-819A-DFA6907B278E}"
EndProject
Project("{FAE04EC0-301F-11D3-BF4B-00C04F79EFBC}") = "06.CalculateAgain!", "CSharpBasic\06. Loops\06.CalculateAgain!\06.CalculateAgain!.csproj", "{782916C3-5A2D-478A-94FB-3580D86A1736}"
EndProject
Project("{FAE04EC0-301F-11D3-BF4B-00C04F79EFBC}") = "05.Calculate!", "CSharpBasic\06. Loops\05.Calculate!\05.Calculate!.csproj", "{E5810D82-787E-43BD-8659-642CA92C23C3}"
EndProject
Project("{FAE04EC0-301F-11D3-BF4B-00C04F79EFBC}") = "04.PrintADeck", "CSharpBasic\06. Loops\04.PrintADeck\04.PrintADeck.csproj", "{685C28E8-CBB0-45DF-8558-BD8A2F29B426}"
EndProject
Project("{FAE04EC0-301F-11D3-BF4B-00C04F79EFBC}") = "03.MMSAOfNNumbers", "CSharpBasic\06. Loops\03.MMSAOfNNumbers\03.MMSAOfNNumbers.csproj", "{FF6B55DE-DDB6-4BAF-B2B8-4B75F6FA9510}"
EndProject
Project("{FAE04EC0-301F-11D3-BF4B-00C04F79EFBC}") = "02.NotDivisibleNumbers", "CSharpBasic\06. Loops\02.NotDivisibleNumbers\02.NotDivisibleNumbers.csproj", "{105D1297-61A0-4C56-9CFD-83F1E0DF6F59}"
EndProject
Project("{FAE04EC0-301F-11D3-BF4B-00C04F79EFBC}") = "01.NumbersFromOnetoN", "CSharpBasic\06. Loops\01.NumbersFromOnetoN\01.NumbersFromOnetoN.csproj", "{00F8A294-BF37-4690-87B1-055035DFC5C7}"
EndProject
Project("{FAE04EC0-301F-11D3-BF4B-00C04F79EFBC}") = "01.AllocateArray", "CSharpBasic\07. Arrays\01.AllocateArray\01.AllocateArray.csproj", "{E4223E37-7158-4FD8-94C3-16585E0B541F}"
EndProject
Project("{FAE04EC0-301F-11D3-BF4B-00C04F79EFBC}") = "02.CompareАrrays", "CSharpBasic\07. Arrays\02.CompareАrrays\02.CompareАrrays.csproj", "{44E47C8B-DD22-4871-8346-BBB5066A4ADB}"
EndProject
Project("{FAE04EC0-301F-11D3-BF4B-00C04F79EFBC}") = "03.CompareCharArrays", "CSharpBasic\07. Arrays\03.CompareCharArrays\03.CompareCharArrays.csproj", "{F2406E98-8CB8-4237-AA22-0638C142EAE7}"
EndProject
Project("{FAE04EC0-301F-11D3-BF4B-00C04F79EFBC}") = "04.MaximalSequence", "CSharpBasic\07. Arrays\04.MaximalSequence\04.MaximalSequence.csproj", "{DA5EE055-9F52-41A6-BF93-249FF0AEC32B}"
EndProject
Project("{FAE04EC0-301F-11D3-BF4B-00C04F79EFBC}") = "05.MaximalIncreasingSequence", "CSharpBasic\07. Arrays\05.MaximalIncreasingSequence\05.MaximalIncreasingSequence.csproj", "{1A5A9560-058E-4D61-A18A-5D36014DD617}"
EndProject
Project("{FAE04EC0-301F-11D3-BF4B-00C04F79EFBC}") = "06.MaximalKSum", "CSharpBasic\07. Arrays\06.MaximalKSum\06.MaximalKSum.csproj", "{D10951D0-651B-4739-A339-8B3B49849739}"
EndProject
Project("{FAE04EC0-301F-11D3-BF4B-00C04F79EFBC}") = "07.SelectionSort", "CSharpBasic\07. Arrays\07.SelectionSort\07.SelectionSort.csproj", "{1680DD31-03D2-4251-92E6-41559D9CEBAF}"
EndProject
Project("{FAE04EC0-301F-11D3-BF4B-00C04F79EFBC}") = "08.MaximalSum", "CSharpBasic\07. Arrays\08.MaximalSum\08.MaximalSum.csproj", "{292E2694-2E75-40B7-9586-5E400180F1F6}"
EndProject
Project("{FAE04EC0-301F-11D3-BF4B-00C04F79EFBC}") = "09.FrequentNumber", "CSharpBasic\07. Arrays\09.FrequentNumber\09.FrequentNumber.csproj", "{DB20D179-76F6-4DBC-8D57-C960858745FC}"
EndProject
Project("{FAE04EC0-301F-11D3-BF4B-00C04F79EFBC}") = "10.FindSumInArray", "CSharpBasic\07. Arrays\10.FindSumInArray\10.FindSumInArray.csproj", "{8FB67855-FF22-4CF1-89A9-B1B8BF77C62E}"
EndProject
Project("{FAE04EC0-301F-11D3-BF4B-00C04F79EFBC}") = "11.BinarySearch", "CSharpBasic\07. Arrays\11.BinarySearch\11.BinarySearch.csproj", "{DC02EFF4-CB3C-40E0-98CE-1005AD1C4EB2}"
EndProject
Project("{FAE04EC0-301F-11D3-BF4B-00C04F79EFBC}") = "12.IndexOfLetters", "CSharpBasic\07. Arrays\12.IndexOfLetters\12.IndexOfLetters.csproj", "{AF07AEC6-C9A5-41C5-B18A-5AA8C35F8F50}"
EndProject
Project("{FAE04EC0-301F-11D3-BF4B-00C04F79EFBC}") = "02.MaximalSum", "CSharpAdvanced\01. Multidimensional-Arrays\02.MaximalSum\02.MaximalSum.csproj", "{3D15717F-8C6E-4E9F-83BE-0D9DBCD5C4CD}"
EndProject
Project("{FAE04EC0-301F-11D3-BF4B-00C04F79EFBC}") = "01.FillTheMatrix", "CSharpAdvanced\01. Multidimensional-Arrays\01.FillTheMatrix\01.FillTheMatrix.csproj", "{652FB689-2619-4CB5-8F87-32B55F6845D5}"
EndProject
Project("{FAE04EC0-301F-11D3-BF4B-00C04F79EFBC}") = "01.SayHello", "CSharpAdvanced\02. Methods\01.SayHello\01.SayHello.csproj", "{7028149D-FAD4-4631-A8BE-3A23D1F071D0}"
EndProject
Project("{FAE04EC0-301F-11D3-BF4B-00C04F79EFBC}") = "02.GetLargestNumber", "CSharpAdvanced\02. Methods\02.GetLargestNumber\02.GetLargestNumber.csproj", "{715545D0-D0A2-4FA2-A21D-876464D468EA}"
EndProject
Project("{FAE04EC0-301F-11D3-BF4B-00C04F79EFBC}") = "03.EnglishDigit", "CSharpAdvanced\02. Methods\03.EnglishDigit\03.EnglishDigit.csproj", "{72CED22C-3E9B-464E-872F-82600BAF1935}"
EndProject
Project("{FAE04EC0-301F-11D3-BF4B-00C04F79EFBC}") = "04.AppearanceCount", "CSharpAdvanced\02. Methods\04.AppearanceCount\04.AppearanceCount.csproj", "{D0E7747E-518B-46F1-B6E1-FC15F5492713}"
EndProject
Project("{FAE04EC0-301F-11D3-BF4B-00C04F79EFBC}") = "05.LargerThanNeighbours", "CSharpAdvanced\02. Methods\05.LargerThanNeighbours\05.LargerThanNeighbours.csproj", "{79B3A544-D499-4DBF-9F84-60B41A6A3C22}"
EndProject
Project("{FAE04EC0-301F-11D3-BF4B-00C04F79EFBC}") = "06.FirstLargerThanNeighbours", "CSharpAdvanced\02. Methods\06.FirstLargerThanNeighbours\06.FirstLargerThanNeighbours.csproj", "{DEC1F957-C018-4802-B873-E9E564DA06FD}"
EndProject
Project("{FAE04EC0-301F-11D3-BF4B-00C04F79EFBC}") = "07.ReverseNumber", "CSharpAdvanced\02. Methods\07.ReverseNumber\07.ReverseNumber.csproj", "{76220176-8682-458A-B677-5764254D67E3}"
EndProject
Project("{FAE04EC0-301F-11D3-BF4B-00C04F79EFBC}") = "08.NumberAsArray", "CSharpAdvanced\02. Methods\08.NumberAsArray\08.NumberAsArray.csproj", "{BCA8E6C2-C995-4953-BFD6-791FFF94A039}"
EndProject
Project("{FAE04EC0-301F-11D3-BF4B-00C04F79EFBC}") = "03.SequenceInMatrix", "CSharpAdvanced\01. Multidimensional-Arrays\03.SequenceInMatrix\03.SequenceInMatrix.csproj", "{14A89109-56DC-4AC3-B65D-DAC88EA33E3D}"
EndProject
Project("{FAE04EC0-301F-11D3-BF4B-00C04F79EFBC}") = "09.SortingArray", "CSharpAdvanced\02. Methods\09.SortingArray\09.SortingArray.csproj", "{FA877A29-00B6-488B-9E32-8C6EE9DCC662}"
EndProject
Project("{FAE04EC0-301F-11D3-BF4B-00C04F79EFBC}") = "10.NFactorial", "CSharpAdvanced\02. Methods\10.NFactorial\10.NFactorial.csproj", "{7EF08757-E3EA-445A-A377-11346E0AED29}"
EndProject
Project("{FAE04EC0-301F-11D3-BF4B-00C04F79EFBC}") = "11.AddingPolynomials", "CSharpAdvanced\02. Methods\11.AddingPolynomials\11.AddingPolynomials.csproj", "{771F95BD-BD65-46C7-AC79-6D6028923390}"
EndProject
Project("{FAE04EC0-301F-11D3-BF4B-00C04F79EFBC}") = "12.SubtractingPolynomials", "CSharpAdvanced\02. Methods\12.SubtractingPolynomials\12.SubtractingPolynomials.csproj", "{A0242FF6-B9F0-44FC-A22B-45F43788605D}"
EndProject
Project("{FAE04EC0-301F-11D3-BF4B-00C04F79EFBC}") = "14.IntegerCalculations", "CSharpAdvanced\02. Methods\14.IntegerCalculations\14.IntegerCalculations.csproj", "{171F200C-BEDC-4BD8-A8CA-087C6EFF0DCC}"
EndProject
Project("{FAE04EC0-301F-11D3-BF4B-00C04F79EFBC}") = "01.LeapYear", "CSharpAdvanced\04. Using-Classes-and-Objects\01.LeapYear\01.LeapYear.csproj", "{70250572-179E-403D-A355-E1A4F59B46BF}"
EndProject
Project("{FAE04EC0-301F-11D3-BF4B-00C04F79EFBC}") = "02.RandomNumbers", "CSharpAdvanced\04. Using-Classes-and-Objects\02.RandomNumbers\02.RandomNumbers.csproj", "{9290914A-8536-429C-B43C-F5C58C4FABB2}"
EndProject
Project("{FAE04EC0-301F-11D3-BF4B-00C04F79EFBC}") = "03.DayOfWeek", "CSharpAdvanced\04. Using-Classes-and-Objects\03.DayOfWeek\03.DayOfWeek.csproj", "{EBE6F6DD-7F10-416F-BC95-4C0F4FB5EB8D}"
EndProject
Project("{FAE04EC0-301F-11D3-BF4B-00C04F79EFBC}") = "04.TriangleSurface", "CSharpAdvanced\04. Using-Classes-and-Objects\04.TriangleSurface\04.TriangleSurface.csproj", "{ED9FF539-1930-495D-B1B1-056FD00F56A7}"
EndProject
Project("{FAE04EC0-301F-11D3-BF4B-00C04F79EFBC}") = "05.TriangleSurface", "CSharpAdvanced\04. Using-Classes-and-Objects\05.TriangleSurface\05.TriangleSurface.csproj", "{14481CFC-E359-449B-9BAA-97594235E1A1}"
EndProject
Project("{FAE04EC0-301F-11D3-BF4B-00C04F79EFBC}") = "06.TriangleSurface", "CSharpAdvanced\04. Using-Classes-and-Objects\06.TriangleSurface\06.TriangleSurface.csproj", "{4DDA0A93-265A-4451-B6FB-E0246A553BB4}"
EndProject
Project("{FAE04EC0-301F-11D3-BF4B-00C04F79EFBC}") = "07.Workdays", "CSharpAdvanced\04. Using-Classes-and-Objects\07.Workdays\07.Workdays.csproj", "{318BC06B-D1B3-49B3-B660-E54A6812B9C5}"
EndProject
Project("{FAE04EC0-301F-11D3-BF4B-00C04F79EFBC}") = "08.SumIntegers", "CSharpAdvanced\04. Using-Classes-and-Objects\08.SumIntegers\08.SumIntegers.csproj", "{4F99C7ED-145C-497D-B356-3BF651E57924}"
EndProject
Project("{FAE04EC0-301F-11D3-BF4B-00C04F79EFBC}") = "02.ReverseString", "CSharpAdvanced\05. Strings-and-Text-Processing\02.ReverseString\02.ReverseString.csproj", "{A8E0FA67-0BC4-4E75-8836-56D2B8FED823}"
EndProject
Project("{FAE04EC0-301F-11D3-BF4B-00C04F79EFBC}") = "03.CorrectBrackets", "CSharpAdvanced\05. Strings-and-Text-Processing\03.CorrectBrackets\03.CorrectBrackets.csproj", "{4A129A90-77D9-4426-B979-CD7A90BCFC60}"
EndProject
Project("{FAE04EC0-301F-11D3-BF4B-00C04F79EFBC}") = "04.SubStringInText", "CSharpAdvanced\05. Strings-and-Text-Processing\04.SubStringInText\04.SubStringInText.csproj", "{0B037B37-DA2D-48EF-BF3A-C05A7A116240}"
EndProject
Project("{FAE04EC0-301F-11D3-BF4B-00C04F79EFBC}") = "05.ParseTags", "CSharpAdvanced\05. Strings-and-Text-Processing\05.ParseTags\05.ParseTags.csproj", "{4652098B-FCBD-4C03-90E4-B7442273920F}"
EndProject
Project("{9A19103F-16F7-4668-BE54-9A1E7A4F7556}") = "06.StringLength", "CSharpAdvanced\05. Strings-and-Text-Processing\06.StringLength\06.StringLength.csproj", "{56C2F776-76E5-4F03-AB18-10324D786C47}"
EndProject
Project("{9A19103F-16F7-4668-BE54-9A1E7A4F7556}") = "07.EncodeAndDecode", "CSharpAdvanced\05. Strings-and-Text-Processing\07.EncodeAndDecode\07.EncodeAndDecode.csproj", "{73C771BE-CCCB-4543-B75F-5C040FF013B9}"
EndProject
Project("{FAE04EC0-301F-11D3-BF4B-00C04F79EFBC}") = "08.ExtractSentences", "CSharpAdvanced\05. Strings-and-Text-Processing\08.ExtractSentences\08.ExtractSentences.csproj", "{CBB4C641-A515-4DCC-B739-133ACF15EF7A}"
EndProject
Project("{FAE04EC0-301F-11D3-BF4B-00C04F79EFBC}") = "09.ForbiddenWords", "CSharpAdvanced\05. Strings-and-Text-Processing\09.ForbiddenWords\09.ForbiddenWords.csproj", "{79E491B8-894F-418F-99C3-B53C5ED5A6FC}"
EndProject
Project("{FAE04EC0-301F-11D3-BF4B-00C04F79EFBC}") = "22.WordsCount", "CSharpAdvanced\05. Strings-and-Text-Processing\22.WordsCount\22.WordsCount.csproj", "{344F9B3B-0FA8-4B86-A827-06494C2F073C}"
EndProject
Project("{FAE04EC0-301F-11D3-BF4B-00C04F79EFBC}") = "21.LettersCount", "CSharpAdvanced\05. Strings-and-Text-Processing\21.LettersCount\21.LettersCount.csproj", "{12BFA4A8-99BD-47E0-BA64-F9768C207793}"
EndProject
Project("{FAE04EC0-301F-11D3-BF4B-00C04F79EFBC}") = "10.UnicodeCharacters", "CSharpAdvanced\05. Strings-and-Text-Processing\10.UnicodeCharacters\10.UnicodeCharacters.csproj", "{107C10CA-167D-4450-A25E-8BD0CCBE177C}"
EndProject
Project("{FAE04EC0-301F-11D3-BF4B-00C04F79EFBC}") = "11.FormatNumber", "CSharpAdvanced\05. Strings-and-Text-Processing\11.FormatNumber\11.FormatNumber.csproj", "{BFC66200-42E4-4A62-89E9-D9F9C2479CDC}"
EndProject
Project("{FAE04EC0-301F-11D3-BF4B-00C04F79EFBC}") = "12.ParseUrl", "CSharpAdvanced\05. Strings-and-Text-Processing\12.ParseUrl\12.ParseUrl.csproj", "{FC363492-3355-4363-969A-E84C4D86DE59}"
EndProject
Project("{FAE04EC0-301F-11D3-BF4B-00C04F79EFBC}") = "13.ReverseSentence", "CSharpAdvanced\05. Strings-and-Text-Processing\13.ReverseSentence\13.ReverseSentence.csproj", "{17E0F5BB-B86C-4835-BA4A-A6D4A4F29B1D}"
EndProject
Project("{FAE04EC0-301F-11D3-BF4B-00C04F79EFBC}") = "14.WordDictionary", "CSharpAdvanced\05. Strings-and-Text-Processing\14.WordDictionary\14.WordDictionary.csproj", "{A6FB9ABF-5456-4E1C-A8F6-D0B1250C824D}"
EndProject
Project("{FAE04EC0-301F-11D3-BF4B-00C04F79EFBC}") = "15.ReplaceTags", "CSharpAdvanced\05. Strings-and-Text-Processing\15.ReplaceTags\15.ReplaceTags.csproj", "{9D75BED4-FFD1-457B-BA28-0E2176105778}"
EndProject
Project("{FAE04EC0-301F-11D3-BF4B-00C04F79EFBC}") = "01.SquareRoot", "CSharpAdvanced\06. Exception-Handling\01.SquareRoot\01.SquareRoot.csproj", "{6178A2AE-F858-4F7A-83E5-6BDB03A6EFCD}"
EndProject
Project("{FAE04EC0-301F-11D3-BF4B-00C04F79EFBC}") = "02.EnterNumbers", "CSharpAdvanced\06. Exception-Handling\02.EnterNumbers\02.EnterNumbers.csproj", "{9BDDA79E-DC08-4EC0-8F20-EA3F5B7DDAF5}"
EndProject
Project("{FAE04EC0-301F-11D3-BF4B-00C04F79EFBC}") = "03.ReadFileContents", "CSharpAdvanced\06. Exception-Handling\03.ReadFileContents\03.ReadFileContents.csproj", "{3DD8DEF2-51C2-4040-BF94-09A7D715DD66}"
EndProject
Project("{FAE04EC0-301F-11D3-BF4B-00C04F79EFBC}") = "04.DownloadFile", "CSharpAdvanced\06. Exception-Handling\04.DownloadFile\04.DownloadFile.csproj", "{8C41F6BA-9E02-456D-9259-2E05226D6033}"
EndProject
Project("{FAE04EC0-301F-11D3-BF4B-00C04F79EFBC}") = "01.OddLines", "CSharpAdvanced\07. Text-Files\01.OddLines\01.OddLines.csproj", "{7EFEABE5-3413-44EF-9E93-05803B4FCDC6}"
EndProject
Project("{FAE04EC0-301F-11D3-BF4B-00C04F79EFBC}") = "02.ConcatenateTextFiles", "CSharpAdvanced\07. Text-Files\02.ConcatenateTextFiles\02.ConcatenateTextFiles.csproj", "{F8A3EC83-EE42-46C8-BE50-3CDAE93E54F2}"
EndProject
Project("{FAE04EC0-301F-11D3-BF4B-00C04F79EFBC}") = "03.LineNumber", "CSharpAdvanced\07. Text-Files\03.LineNumber\03.LineNumber.csproj", "{152804B8-2737-4546-A438-EC860D8BD35C}"
EndProject
Project("{FAE04EC0-301F-11D3-BF4B-00C04F79EFBC}") = "04.CompareTextFiles", "CSharpAdvanced\07. Text-Files\04.CompareTextFiles\04.CompareTextFiles.csproj", "{25FB7BC3-31A3-4337-BCFB-F3E254113CB4}"
EndProject
Project("{FAE04EC0-301F-11D3-BF4B-00C04F79EFBC}") = "05.MaximalAreaSum", "CSharpAdvanced\07. Text-Files\05.MaximalAreaSum\05.MaximalAreaSum.csproj", "{CCF894A0-CA98-44BB-A01A-C2D0DAB9FBB8}"
EndProject
Project("{FAE04EC0-301F-11D3-BF4B-00C04F79EFBC}") = "06.SaveSortedNames", "CSharpAdvanced\07. Text-Files\06.SaveSortedNames\06.SaveSortedNames.csproj", "{BE091198-2EEF-47F7-86EA-48A33442A8F4}"
EndProject
Project("{FAE04EC0-301F-11D3-BF4B-00C04F79EFBC}") = "07.ReplaceSubString", "CSharpAdvanced\07. Text-Files\07.ReplaceSubString\07.ReplaceSubString.csproj", "{DBA17ABE-5898-459D-A8D7-65E35ED4FD31}"
EndProject
Project("{FAE04EC0-301F-11D3-BF4B-00C04F79EFBC}") = "10.ExtractTextFromXml", "CSharpAdvanced\07. Text-Files\10.ExtractTextFromXml\10.ExtractTextFromXml.csproj", "{29723B2E-AA7D-4D5A-AA81-686EE86F1AAD}"
EndProject
Project("{FAE04EC0-301F-11D3-BF4B-00C04F79EFBC}") = "09.DeleteOddLines", "CSharpAdvanced\07. Text-Files\09.DeleteOddLines\09.DeleteOddLines.csproj", "{04234596-7D14-4A0D-A4FE-F0808A954853}"
EndProject
Project("{FAE04EC0-301F-11D3-BF4B-00C04F79EFBC}") = "11.PrefixTest", "CSharpAdvanced\07. Text-Files\11.PrefixTest\11.PrefixTest.csproj", "{6EC3F2E1-0237-4843-BCFD-B985D41F7347}"
EndProject
Project("{FAE04EC0-301F-11D3-BF4B-00C04F79EFBC}") = "12.RemoveWords", "CSharpAdvanced\07. Text-Files\12.RemoveWords\12.RemoveWords.csproj", "{8A96C1F7-28AF-47C2-BD9B-BB709AC54B85}"
EndProject
Project("{FAE04EC0-301F-11D3-BF4B-00C04F79EFBC}") = "13.CountWords", "CSharpAdvanced\07. Text-Files\13.CountWords\13.CountWords.csproj", "{64562265-E4EB-4F2D-9F15-9ADD5CD026DB}"
EndProject
Project("{2150E333-8FDC-42A3-9474-1A3956D46DE8}") = "03.Object-Oriented-Programming", "03.Object-Oriented-Programming", "{980C5270-4E48-45F4-9C06-F2942A50D2D4}"
EndProject
Project("{2150E333-8FDC-42A3-9474-1A3956D46DE8}") = "01.Defining-Classes-Part-1", "01.Defining-Classes-Part-1", "{D6FF7DFC-EE10-4722-AE26-953BC05D175E}"
EndProject
Project("{FAE04EC0-301F-11D3-BF4B-00C04F79EFBC}") = "GsmUniverse", "Object-Oriented-Programming\01.Defining-Classes-Part-1\GsmUniverse\GsmUniverse.csproj", "{979CAFDC-D50F-4A76-AE64-0FF96E28943D}"
EndProject
Project("{2150E333-8FDC-42A3-9474-1A3956D46DE8}") = "02.Defining-Classes-Part 2", "02.Defining-Classes-Part 2", "{294812B5-CA1F-4D21-845E-A6371EC3A701}"
EndProject
Project("{FAE04EC0-301F-11D3-BF4B-00C04F79EFBC}") = "01.StructurePoint3D", "Object-Oriented-Programming\02.Defining-Classes-Part 2\01.StructurePoint3D\01.StructurePoint3D.csproj", "{9E63B01B-269F-4712-BC45-634E1035FEF3}"
EndProject
Global
	GlobalSection(SolutionConfigurationPlatforms) = preSolution
		Debug|Any CPU = Debug|Any CPU
		Release|Any CPU = Release|Any CPU
	EndGlobalSection
	GlobalSection(ProjectConfigurationPlatforms) = postSolution
		{8A8ADAD5-A94D-4AA0-8B77-AA6582C18E58}.Debug|Any CPU.ActiveCfg = Debug|Any CPU
		{8A8ADAD5-A94D-4AA0-8B77-AA6582C18E58}.Debug|Any CPU.Build.0 = Debug|Any CPU
		{8A8ADAD5-A94D-4AA0-8B77-AA6582C18E58}.Release|Any CPU.ActiveCfg = Release|Any CPU
		{8A8ADAD5-A94D-4AA0-8B77-AA6582C18E58}.Release|Any CPU.Build.0 = Release|Any CPU
		{9044924A-35A3-41FF-A41E-F1E1350A61BD}.Debug|Any CPU.ActiveCfg = Debug|Any CPU
		{9044924A-35A3-41FF-A41E-F1E1350A61BD}.Debug|Any CPU.Build.0 = Debug|Any CPU
		{9044924A-35A3-41FF-A41E-F1E1350A61BD}.Release|Any CPU.ActiveCfg = Release|Any CPU
		{9044924A-35A3-41FF-A41E-F1E1350A61BD}.Release|Any CPU.Build.0 = Release|Any CPU
		{45195A6C-500B-41C3-B47C-C0F091AF17EE}.Debug|Any CPU.ActiveCfg = Debug|Any CPU
		{45195A6C-500B-41C3-B47C-C0F091AF17EE}.Debug|Any CPU.Build.0 = Debug|Any CPU
		{45195A6C-500B-41C3-B47C-C0F091AF17EE}.Release|Any CPU.ActiveCfg = Release|Any CPU
		{45195A6C-500B-41C3-B47C-C0F091AF17EE}.Release|Any CPU.Build.0 = Release|Any CPU
		{3B7DBB7C-FFDC-4B94-9ABE-0AFB8A1FF52E}.Debug|Any CPU.ActiveCfg = Debug|Any CPU
		{3B7DBB7C-FFDC-4B94-9ABE-0AFB8A1FF52E}.Debug|Any CPU.Build.0 = Debug|Any CPU
		{3B7DBB7C-FFDC-4B94-9ABE-0AFB8A1FF52E}.Release|Any CPU.ActiveCfg = Release|Any CPU
		{3B7DBB7C-FFDC-4B94-9ABE-0AFB8A1FF52E}.Release|Any CPU.Build.0 = Release|Any CPU
		{729D4B89-29A4-4F22-94A6-121AFCFB0258}.Debug|Any CPU.ActiveCfg = Debug|Any CPU
		{729D4B89-29A4-4F22-94A6-121AFCFB0258}.Debug|Any CPU.Build.0 = Debug|Any CPU
		{729D4B89-29A4-4F22-94A6-121AFCFB0258}.Release|Any CPU.ActiveCfg = Release|Any CPU
		{729D4B89-29A4-4F22-94A6-121AFCFB0258}.Release|Any CPU.Build.0 = Release|Any CPU
		{82C13F20-2E6D-4E5F-BE79-1C08C0132AC0}.Debug|Any CPU.ActiveCfg = Debug|Any CPU
		{82C13F20-2E6D-4E5F-BE79-1C08C0132AC0}.Debug|Any CPU.Build.0 = Debug|Any CPU
		{82C13F20-2E6D-4E5F-BE79-1C08C0132AC0}.Release|Any CPU.ActiveCfg = Release|Any CPU
		{82C13F20-2E6D-4E5F-BE79-1C08C0132AC0}.Release|Any CPU.Build.0 = Release|Any CPU
		{10281BDE-898F-4BF4-A1E1-DB310FA6E088}.Debug|Any CPU.ActiveCfg = Debug|Any CPU
		{10281BDE-898F-4BF4-A1E1-DB310FA6E088}.Debug|Any CPU.Build.0 = Debug|Any CPU
		{10281BDE-898F-4BF4-A1E1-DB310FA6E088}.Release|Any CPU.ActiveCfg = Release|Any CPU
		{10281BDE-898F-4BF4-A1E1-DB310FA6E088}.Release|Any CPU.Build.0 = Release|Any CPU
		{480A344D-5D02-4EC1-814B-DDF1F3CBB590}.Debug|Any CPU.ActiveCfg = Debug|Any CPU
		{480A344D-5D02-4EC1-814B-DDF1F3CBB590}.Debug|Any CPU.Build.0 = Debug|Any CPU
		{480A344D-5D02-4EC1-814B-DDF1F3CBB590}.Release|Any CPU.ActiveCfg = Release|Any CPU
		{480A344D-5D02-4EC1-814B-DDF1F3CBB590}.Release|Any CPU.Build.0 = Release|Any CPU
		{C34312BE-53F7-4034-BCDE-E6059D479B3E}.Debug|Any CPU.ActiveCfg = Debug|Any CPU
		{C34312BE-53F7-4034-BCDE-E6059D479B3E}.Debug|Any CPU.Build.0 = Debug|Any CPU
		{C34312BE-53F7-4034-BCDE-E6059D479B3E}.Release|Any CPU.ActiveCfg = Release|Any CPU
		{C34312BE-53F7-4034-BCDE-E6059D479B3E}.Release|Any CPU.Build.0 = Release|Any CPU
		{67028E75-CD12-409A-AC29-5BF58320916F}.Debug|Any CPU.ActiveCfg = Debug|Any CPU
		{67028E75-CD12-409A-AC29-5BF58320916F}.Debug|Any CPU.Build.0 = Debug|Any CPU
		{67028E75-CD12-409A-AC29-5BF58320916F}.Release|Any CPU.ActiveCfg = Release|Any CPU
		{67028E75-CD12-409A-AC29-5BF58320916F}.Release|Any CPU.Build.0 = Release|Any CPU
		{9A85AB1E-B2B5-4D4A-BFC8-47201C39C737}.Debug|Any CPU.ActiveCfg = Debug|Any CPU
		{9A85AB1E-B2B5-4D4A-BFC8-47201C39C737}.Debug|Any CPU.Build.0 = Debug|Any CPU
		{9A85AB1E-B2B5-4D4A-BFC8-47201C39C737}.Release|Any CPU.ActiveCfg = Release|Any CPU
		{9A85AB1E-B2B5-4D4A-BFC8-47201C39C737}.Release|Any CPU.Build.0 = Release|Any CPU
		{B74D6CD1-7B1C-407F-82F7-BB070C052640}.Debug|Any CPU.ActiveCfg = Debug|Any CPU
		{B74D6CD1-7B1C-407F-82F7-BB070C052640}.Debug|Any CPU.Build.0 = Debug|Any CPU
		{B74D6CD1-7B1C-407F-82F7-BB070C052640}.Release|Any CPU.ActiveCfg = Release|Any CPU
		{B74D6CD1-7B1C-407F-82F7-BB070C052640}.Release|Any CPU.Build.0 = Release|Any CPU
		{671C4D3B-BC7F-4FE3-9698-92390806B1FE}.Debug|Any CPU.ActiveCfg = Debug|Any CPU
		{671C4D3B-BC7F-4FE3-9698-92390806B1FE}.Debug|Any CPU.Build.0 = Debug|Any CPU
		{671C4D3B-BC7F-4FE3-9698-92390806B1FE}.Release|Any CPU.ActiveCfg = Release|Any CPU
		{671C4D3B-BC7F-4FE3-9698-92390806B1FE}.Release|Any CPU.Build.0 = Release|Any CPU
		{407733B0-FE19-4D73-904D-0C25B1EF3DC7}.Debug|Any CPU.ActiveCfg = Debug|Any CPU
		{407733B0-FE19-4D73-904D-0C25B1EF3DC7}.Debug|Any CPU.Build.0 = Debug|Any CPU
		{407733B0-FE19-4D73-904D-0C25B1EF3DC7}.Release|Any CPU.ActiveCfg = Release|Any CPU
		{407733B0-FE19-4D73-904D-0C25B1EF3DC7}.Release|Any CPU.Build.0 = Release|Any CPU
		{961605BF-2B44-4322-841A-39E3A8A57DC5}.Debug|Any CPU.ActiveCfg = Debug|Any CPU
		{961605BF-2B44-4322-841A-39E3A8A57DC5}.Debug|Any CPU.Build.0 = Debug|Any CPU
		{961605BF-2B44-4322-841A-39E3A8A57DC5}.Release|Any CPU.ActiveCfg = Release|Any CPU
		{961605BF-2B44-4322-841A-39E3A8A57DC5}.Release|Any CPU.Build.0 = Release|Any CPU
		{9E0032B3-B5FA-41D9-BD87-20DB9D2E8123}.Debug|Any CPU.ActiveCfg = Debug|Any CPU
		{9E0032B3-B5FA-41D9-BD87-20DB9D2E8123}.Debug|Any CPU.Build.0 = Debug|Any CPU
		{9E0032B3-B5FA-41D9-BD87-20DB9D2E8123}.Release|Any CPU.ActiveCfg = Release|Any CPU
		{9E0032B3-B5FA-41D9-BD87-20DB9D2E8123}.Release|Any CPU.Build.0 = Release|Any CPU
		{8119AB43-CE94-479D-8C38-C89757747A98}.Debug|Any CPU.ActiveCfg = Debug|Any CPU
		{8119AB43-CE94-479D-8C38-C89757747A98}.Debug|Any CPU.Build.0 = Debug|Any CPU
		{8119AB43-CE94-479D-8C38-C89757747A98}.Release|Any CPU.ActiveCfg = Release|Any CPU
		{8119AB43-CE94-479D-8C38-C89757747A98}.Release|Any CPU.Build.0 = Release|Any CPU
		{304B468C-0C8A-4BFE-B7F6-C23EDCFAC6B9}.Debug|Any CPU.ActiveCfg = Debug|Any CPU
		{304B468C-0C8A-4BFE-B7F6-C23EDCFAC6B9}.Debug|Any CPU.Build.0 = Debug|Any CPU
		{304B468C-0C8A-4BFE-B7F6-C23EDCFAC6B9}.Release|Any CPU.ActiveCfg = Release|Any CPU
		{304B468C-0C8A-4BFE-B7F6-C23EDCFAC6B9}.Release|Any CPU.Build.0 = Release|Any CPU
		{60B1C8BB-C690-4BB5-AA73-5BE0C0006F2D}.Debug|Any CPU.ActiveCfg = Debug|Any CPU
		{60B1C8BB-C690-4BB5-AA73-5BE0C0006F2D}.Debug|Any CPU.Build.0 = Debug|Any CPU
		{60B1C8BB-C690-4BB5-AA73-5BE0C0006F2D}.Release|Any CPU.ActiveCfg = Release|Any CPU
		{60B1C8BB-C690-4BB5-AA73-5BE0C0006F2D}.Release|Any CPU.Build.0 = Release|Any CPU
		{24FAE50B-32FE-4629-A23C-CF69075260DA}.Debug|Any CPU.ActiveCfg = Debug|Any CPU
		{24FAE50B-32FE-4629-A23C-CF69075260DA}.Debug|Any CPU.Build.0 = Debug|Any CPU
		{24FAE50B-32FE-4629-A23C-CF69075260DA}.Release|Any CPU.ActiveCfg = Release|Any CPU
		{24FAE50B-32FE-4629-A23C-CF69075260DA}.Release|Any CPU.Build.0 = Release|Any CPU
		{33307247-0140-4238-8B1F-CB6829651C14}.Debug|Any CPU.ActiveCfg = Debug|Any CPU
		{33307247-0140-4238-8B1F-CB6829651C14}.Debug|Any CPU.Build.0 = Debug|Any CPU
		{33307247-0140-4238-8B1F-CB6829651C14}.Release|Any CPU.ActiveCfg = Release|Any CPU
		{33307247-0140-4238-8B1F-CB6829651C14}.Release|Any CPU.Build.0 = Release|Any CPU
		{C2B39882-AEEA-4D98-A22F-DE3A148F60FF}.Debug|Any CPU.ActiveCfg = Debug|Any CPU
		{C2B39882-AEEA-4D98-A22F-DE3A148F60FF}.Debug|Any CPU.Build.0 = Debug|Any CPU
		{C2B39882-AEEA-4D98-A22F-DE3A148F60FF}.Release|Any CPU.ActiveCfg = Release|Any CPU
		{C2B39882-AEEA-4D98-A22F-DE3A148F60FF}.Release|Any CPU.Build.0 = Release|Any CPU
		{56C190C4-DC39-41D1-A701-7ECC47B6E787}.Debug|Any CPU.ActiveCfg = Debug|Any CPU
		{56C190C4-DC39-41D1-A701-7ECC47B6E787}.Debug|Any CPU.Build.0 = Debug|Any CPU
		{56C190C4-DC39-41D1-A701-7ECC47B6E787}.Release|Any CPU.ActiveCfg = Release|Any CPU
		{56C190C4-DC39-41D1-A701-7ECC47B6E787}.Release|Any CPU.Build.0 = Release|Any CPU
		{77CF60D2-7EF1-4403-ACAC-C91E802BDA0A}.Debug|Any CPU.ActiveCfg = Debug|Any CPU
		{77CF60D2-7EF1-4403-ACAC-C91E802BDA0A}.Debug|Any CPU.Build.0 = Debug|Any CPU
		{77CF60D2-7EF1-4403-ACAC-C91E802BDA0A}.Release|Any CPU.ActiveCfg = Release|Any CPU
		{77CF60D2-7EF1-4403-ACAC-C91E802BDA0A}.Release|Any CPU.Build.0 = Release|Any CPU
		{306A25C1-FD8B-4086-9B48-AE664F436C92}.Debug|Any CPU.ActiveCfg = Debug|Any CPU
		{306A25C1-FD8B-4086-9B48-AE664F436C92}.Debug|Any CPU.Build.0 = Debug|Any CPU
		{306A25C1-FD8B-4086-9B48-AE664F436C92}.Release|Any CPU.ActiveCfg = Release|Any CPU
		{306A25C1-FD8B-4086-9B48-AE664F436C92}.Release|Any CPU.Build.0 = Release|Any CPU
		{066542A4-8754-45BA-A08F-96C00A87FDE7}.Debug|Any CPU.ActiveCfg = Debug|Any CPU
		{066542A4-8754-45BA-A08F-96C00A87FDE7}.Debug|Any CPU.Build.0 = Debug|Any CPU
		{066542A4-8754-45BA-A08F-96C00A87FDE7}.Release|Any CPU.ActiveCfg = Release|Any CPU
		{066542A4-8754-45BA-A08F-96C00A87FDE7}.Release|Any CPU.Build.0 = Release|Any CPU
		{1E58DA4F-8F81-41D6-9DBD-5D94061C8D74}.Debug|Any CPU.ActiveCfg = Debug|Any CPU
		{1E58DA4F-8F81-41D6-9DBD-5D94061C8D74}.Debug|Any CPU.Build.0 = Debug|Any CPU
		{1E58DA4F-8F81-41D6-9DBD-5D94061C8D74}.Release|Any CPU.ActiveCfg = Release|Any CPU
		{1E58DA4F-8F81-41D6-9DBD-5D94061C8D74}.Release|Any CPU.Build.0 = Release|Any CPU
		{EB47F1B4-EDE3-4F89-8AB0-517DFC36734C}.Debug|Any CPU.ActiveCfg = Debug|Any CPU
		{EB47F1B4-EDE3-4F89-8AB0-517DFC36734C}.Debug|Any CPU.Build.0 = Debug|Any CPU
		{EB47F1B4-EDE3-4F89-8AB0-517DFC36734C}.Release|Any CPU.ActiveCfg = Release|Any CPU
		{EB47F1B4-EDE3-4F89-8AB0-517DFC36734C}.Release|Any CPU.Build.0 = Release|Any CPU
		{3C028539-DD59-49E1-A45E-44B4BECAA675}.Debug|Any CPU.ActiveCfg = Debug|Any CPU
		{3C028539-DD59-49E1-A45E-44B4BECAA675}.Debug|Any CPU.Build.0 = Debug|Any CPU
		{3C028539-DD59-49E1-A45E-44B4BECAA675}.Release|Any CPU.ActiveCfg = Release|Any CPU
		{3C028539-DD59-49E1-A45E-44B4BECAA675}.Release|Any CPU.Build.0 = Release|Any CPU
		{0E9A4093-F261-4A8B-B2CE-5536C1782850}.Debug|Any CPU.ActiveCfg = Debug|Any CPU
		{0E9A4093-F261-4A8B-B2CE-5536C1782850}.Debug|Any CPU.Build.0 = Debug|Any CPU
		{0E9A4093-F261-4A8B-B2CE-5536C1782850}.Release|Any CPU.ActiveCfg = Release|Any CPU
		{0E9A4093-F261-4A8B-B2CE-5536C1782850}.Release|Any CPU.Build.0 = Release|Any CPU
		{A4017AD3-BE98-48DE-B354-FC4F68704012}.Debug|Any CPU.ActiveCfg = Debug|Any CPU
		{A4017AD3-BE98-48DE-B354-FC4F68704012}.Debug|Any CPU.Build.0 = Debug|Any CPU
		{A4017AD3-BE98-48DE-B354-FC4F68704012}.Release|Any CPU.ActiveCfg = Release|Any CPU
		{A4017AD3-BE98-48DE-B354-FC4F68704012}.Release|Any CPU.Build.0 = Release|Any CPU
		{23B53447-E489-4B35-B7A1-2944407799DB}.Debug|Any CPU.ActiveCfg = Debug|Any CPU
		{23B53447-E489-4B35-B7A1-2944407799DB}.Debug|Any CPU.Build.0 = Debug|Any CPU
		{23B53447-E489-4B35-B7A1-2944407799DB}.Release|Any CPU.ActiveCfg = Release|Any CPU
		{23B53447-E489-4B35-B7A1-2944407799DB}.Release|Any CPU.Build.0 = Release|Any CPU
		{2406FAC6-1D07-46DE-942B-BD92E08DF170}.Debug|Any CPU.ActiveCfg = Debug|Any CPU
		{2406FAC6-1D07-46DE-942B-BD92E08DF170}.Debug|Any CPU.Build.0 = Debug|Any CPU
		{2406FAC6-1D07-46DE-942B-BD92E08DF170}.Release|Any CPU.ActiveCfg = Release|Any CPU
		{2406FAC6-1D07-46DE-942B-BD92E08DF170}.Release|Any CPU.Build.0 = Release|Any CPU
		{83859D43-BD0D-489A-ADC4-13B019A7AF71}.Debug|Any CPU.ActiveCfg = Debug|Any CPU
		{83859D43-BD0D-489A-ADC4-13B019A7AF71}.Debug|Any CPU.Build.0 = Debug|Any CPU
		{83859D43-BD0D-489A-ADC4-13B019A7AF71}.Release|Any CPU.ActiveCfg = Release|Any CPU
		{83859D43-BD0D-489A-ADC4-13B019A7AF71}.Release|Any CPU.Build.0 = Release|Any CPU
		{548EFF80-3E63-4583-80A5-AD03A121C30D}.Debug|Any CPU.ActiveCfg = Debug|Any CPU
		{548EFF80-3E63-4583-80A5-AD03A121C30D}.Debug|Any CPU.Build.0 = Debug|Any CPU
		{548EFF80-3E63-4583-80A5-AD03A121C30D}.Release|Any CPU.ActiveCfg = Release|Any CPU
		{548EFF80-3E63-4583-80A5-AD03A121C30D}.Release|Any CPU.Build.0 = Release|Any CPU
		{4A7497E4-9B58-4A43-BCD8-D83213A26744}.Debug|Any CPU.ActiveCfg = Debug|Any CPU
		{4A7497E4-9B58-4A43-BCD8-D83213A26744}.Debug|Any CPU.Build.0 = Debug|Any CPU
		{4A7497E4-9B58-4A43-BCD8-D83213A26744}.Release|Any CPU.ActiveCfg = Release|Any CPU
		{4A7497E4-9B58-4A43-BCD8-D83213A26744}.Release|Any CPU.Build.0 = Release|Any CPU
		{6634B6C0-8872-44F7-8A84-EA7616657236}.Debug|Any CPU.ActiveCfg = Debug|Any CPU
		{6634B6C0-8872-44F7-8A84-EA7616657236}.Debug|Any CPU.Build.0 = Debug|Any CPU
		{6634B6C0-8872-44F7-8A84-EA7616657236}.Release|Any CPU.ActiveCfg = Release|Any CPU
		{6634B6C0-8872-44F7-8A84-EA7616657236}.Release|Any CPU.Build.0 = Release|Any CPU
		{9DD82925-33F5-4CBD-A17F-6941A8B6BCB1}.Debug|Any CPU.ActiveCfg = Debug|Any CPU
		{9DD82925-33F5-4CBD-A17F-6941A8B6BCB1}.Debug|Any CPU.Build.0 = Debug|Any CPU
		{9DD82925-33F5-4CBD-A17F-6941A8B6BCB1}.Release|Any CPU.ActiveCfg = Release|Any CPU
		{9DD82925-33F5-4CBD-A17F-6941A8B6BCB1}.Release|Any CPU.Build.0 = Release|Any CPU
		{1AB1D73A-EBD5-41B8-8B37-B438ECA09802}.Debug|Any CPU.ActiveCfg = Debug|Any CPU
		{1AB1D73A-EBD5-41B8-8B37-B438ECA09802}.Debug|Any CPU.Build.0 = Debug|Any CPU
		{1AB1D73A-EBD5-41B8-8B37-B438ECA09802}.Release|Any CPU.ActiveCfg = Release|Any CPU
		{1AB1D73A-EBD5-41B8-8B37-B438ECA09802}.Release|Any CPU.Build.0 = Release|Any CPU
		{757A76BC-BC7E-48ED-8E7C-0E246EB414FD}.Debug|Any CPU.ActiveCfg = Debug|Any CPU
		{757A76BC-BC7E-48ED-8E7C-0E246EB414FD}.Debug|Any CPU.Build.0 = Debug|Any CPU
		{757A76BC-BC7E-48ED-8E7C-0E246EB414FD}.Release|Any CPU.ActiveCfg = Release|Any CPU
		{757A76BC-BC7E-48ED-8E7C-0E246EB414FD}.Release|Any CPU.Build.0 = Release|Any CPU
		{137C13BB-2611-4E9F-99A0-D7D0B9221897}.Debug|Any CPU.ActiveCfg = Debug|Any CPU
		{137C13BB-2611-4E9F-99A0-D7D0B9221897}.Debug|Any CPU.Build.0 = Debug|Any CPU
		{137C13BB-2611-4E9F-99A0-D7D0B9221897}.Release|Any CPU.ActiveCfg = Release|Any CPU
		{137C13BB-2611-4E9F-99A0-D7D0B9221897}.Release|Any CPU.Build.0 = Release|Any CPU
		{8C91703D-7EE2-4C0D-B113-6D1AF2A64BB9}.Debug|Any CPU.ActiveCfg = Debug|Any CPU
		{8C91703D-7EE2-4C0D-B113-6D1AF2A64BB9}.Debug|Any CPU.Build.0 = Debug|Any CPU
		{8C91703D-7EE2-4C0D-B113-6D1AF2A64BB9}.Release|Any CPU.ActiveCfg = Release|Any CPU
		{8C91703D-7EE2-4C0D-B113-6D1AF2A64BB9}.Release|Any CPU.Build.0 = Release|Any CPU
		{4E02BFCC-CF31-43ED-8EAD-893B73355CA7}.Debug|Any CPU.ActiveCfg = Debug|Any CPU
		{4E02BFCC-CF31-43ED-8EAD-893B73355CA7}.Debug|Any CPU.Build.0 = Debug|Any CPU
		{4E02BFCC-CF31-43ED-8EAD-893B73355CA7}.Release|Any CPU.ActiveCfg = Release|Any CPU
		{4E02BFCC-CF31-43ED-8EAD-893B73355CA7}.Release|Any CPU.Build.0 = Release|Any CPU
		{48CFD755-AE3B-4CB6-B556-F2CE6FE90ED5}.Debug|Any CPU.ActiveCfg = Debug|Any CPU
		{48CFD755-AE3B-4CB6-B556-F2CE6FE90ED5}.Debug|Any CPU.Build.0 = Debug|Any CPU
		{48CFD755-AE3B-4CB6-B556-F2CE6FE90ED5}.Release|Any CPU.ActiveCfg = Release|Any CPU
		{48CFD755-AE3B-4CB6-B556-F2CE6FE90ED5}.Release|Any CPU.Build.0 = Release|Any CPU
		{34C50C58-827A-4947-A697-AE75FADFE4AC}.Debug|Any CPU.ActiveCfg = Debug|Any CPU
		{34C50C58-827A-4947-A697-AE75FADFE4AC}.Debug|Any CPU.Build.0 = Debug|Any CPU
		{34C50C58-827A-4947-A697-AE75FADFE4AC}.Release|Any CPU.ActiveCfg = Release|Any CPU
		{34C50C58-827A-4947-A697-AE75FADFE4AC}.Release|Any CPU.Build.0 = Release|Any CPU
		{E0FB9799-6745-45F0-8C83-465015708A58}.Debug|Any CPU.ActiveCfg = Debug|Any CPU
		{E0FB9799-6745-45F0-8C83-465015708A58}.Debug|Any CPU.Build.0 = Debug|Any CPU
		{E0FB9799-6745-45F0-8C83-465015708A58}.Release|Any CPU.ActiveCfg = Release|Any CPU
		{E0FB9799-6745-45F0-8C83-465015708A58}.Release|Any CPU.Build.0 = Release|Any CPU
		{68FF8BC5-715E-401A-BC20-D563C2C41CF2}.Debug|Any CPU.ActiveCfg = Debug|Any CPU
		{68FF8BC5-715E-401A-BC20-D563C2C41CF2}.Debug|Any CPU.Build.0 = Debug|Any CPU
		{68FF8BC5-715E-401A-BC20-D563C2C41CF2}.Release|Any CPU.ActiveCfg = Release|Any CPU
		{68FF8BC5-715E-401A-BC20-D563C2C41CF2}.Release|Any CPU.Build.0 = Release|Any CPU
		{49BE79D5-637C-443B-8F45-2C454E343BA8}.Debug|Any CPU.ActiveCfg = Debug|Any CPU
		{49BE79D5-637C-443B-8F45-2C454E343BA8}.Debug|Any CPU.Build.0 = Debug|Any CPU
		{49BE79D5-637C-443B-8F45-2C454E343BA8}.Release|Any CPU.ActiveCfg = Release|Any CPU
		{49BE79D5-637C-443B-8F45-2C454E343BA8}.Release|Any CPU.Build.0 = Release|Any CPU
		{1AB30D30-E8E3-4893-9755-438EF105FAE7}.Debug|Any CPU.ActiveCfg = Debug|Any CPU
		{1AB30D30-E8E3-4893-9755-438EF105FAE7}.Debug|Any CPU.Build.0 = Debug|Any CPU
		{1AB30D30-E8E3-4893-9755-438EF105FAE7}.Release|Any CPU.ActiveCfg = Release|Any CPU
		{1AB30D30-E8E3-4893-9755-438EF105FAE7}.Release|Any CPU.Build.0 = Release|Any CPU
		{AFC7D2EA-5DCE-4ED7-B1AB-CD53F135D855}.Debug|Any CPU.ActiveCfg = Debug|Any CPU
		{AFC7D2EA-5DCE-4ED7-B1AB-CD53F135D855}.Debug|Any CPU.Build.0 = Debug|Any CPU
		{AFC7D2EA-5DCE-4ED7-B1AB-CD53F135D855}.Release|Any CPU.ActiveCfg = Release|Any CPU
		{AFC7D2EA-5DCE-4ED7-B1AB-CD53F135D855}.Release|Any CPU.Build.0 = Release|Any CPU
		{BEE0F104-2D29-49EE-A5E5-274646744E1A}.Debug|Any CPU.ActiveCfg = Debug|Any CPU
		{BEE0F104-2D29-49EE-A5E5-274646744E1A}.Debug|Any CPU.Build.0 = Debug|Any CPU
		{BEE0F104-2D29-49EE-A5E5-274646744E1A}.Release|Any CPU.ActiveCfg = Release|Any CPU
		{BEE0F104-2D29-49EE-A5E5-274646744E1A}.Release|Any CPU.Build.0 = Release|Any CPU
		{67E4A8D5-FBCB-4E09-811D-7F299B806F0E}.Debug|Any CPU.ActiveCfg = Debug|Any CPU
		{67E4A8D5-FBCB-4E09-811D-7F299B806F0E}.Debug|Any CPU.Build.0 = Debug|Any CPU
		{67E4A8D5-FBCB-4E09-811D-7F299B806F0E}.Release|Any CPU.ActiveCfg = Release|Any CPU
		{67E4A8D5-FBCB-4E09-811D-7F299B806F0E}.Release|Any CPU.Build.0 = Release|Any CPU
		{CF55D94C-DD7B-4CE5-8D73-8968B1E5CB36}.Debug|Any CPU.ActiveCfg = Debug|Any CPU
		{CF55D94C-DD7B-4CE5-8D73-8968B1E5CB36}.Debug|Any CPU.Build.0 = Debug|Any CPU
		{CF55D94C-DD7B-4CE5-8D73-8968B1E5CB36}.Release|Any CPU.ActiveCfg = Release|Any CPU
		{CF55D94C-DD7B-4CE5-8D73-8968B1E5CB36}.Release|Any CPU.Build.0 = Release|Any CPU
		{92F561B2-9E01-4672-819A-DFA6907B278E}.Debug|Any CPU.ActiveCfg = Debug|Any CPU
		{92F561B2-9E01-4672-819A-DFA6907B278E}.Debug|Any CPU.Build.0 = Debug|Any CPU
		{92F561B2-9E01-4672-819A-DFA6907B278E}.Release|Any CPU.ActiveCfg = Release|Any CPU
		{92F561B2-9E01-4672-819A-DFA6907B278E}.Release|Any CPU.Build.0 = Release|Any CPU
		{782916C3-5A2D-478A-94FB-3580D86A1736}.Debug|Any CPU.ActiveCfg = Debug|Any CPU
		{782916C3-5A2D-478A-94FB-3580D86A1736}.Debug|Any CPU.Build.0 = Debug|Any CPU
		{782916C3-5A2D-478A-94FB-3580D86A1736}.Release|Any CPU.ActiveCfg = Release|Any CPU
		{782916C3-5A2D-478A-94FB-3580D86A1736}.Release|Any CPU.Build.0 = Release|Any CPU
		{E5810D82-787E-43BD-8659-642CA92C23C3}.Debug|Any CPU.ActiveCfg = Debug|Any CPU
		{E5810D82-787E-43BD-8659-642CA92C23C3}.Debug|Any CPU.Build.0 = Debug|Any CPU
		{E5810D82-787E-43BD-8659-642CA92C23C3}.Release|Any CPU.ActiveCfg = Release|Any CPU
		{E5810D82-787E-43BD-8659-642CA92C23C3}.Release|Any CPU.Build.0 = Release|Any CPU
		{685C28E8-CBB0-45DF-8558-BD8A2F29B426}.Debug|Any CPU.ActiveCfg = Debug|Any CPU
		{685C28E8-CBB0-45DF-8558-BD8A2F29B426}.Debug|Any CPU.Build.0 = Debug|Any CPU
		{685C28E8-CBB0-45DF-8558-BD8A2F29B426}.Release|Any CPU.ActiveCfg = Release|Any CPU
		{685C28E8-CBB0-45DF-8558-BD8A2F29B426}.Release|Any CPU.Build.0 = Release|Any CPU
		{FF6B55DE-DDB6-4BAF-B2B8-4B75F6FA9510}.Debug|Any CPU.ActiveCfg = Debug|Any CPU
		{FF6B55DE-DDB6-4BAF-B2B8-4B75F6FA9510}.Debug|Any CPU.Build.0 = Debug|Any CPU
		{FF6B55DE-DDB6-4BAF-B2B8-4B75F6FA9510}.Release|Any CPU.ActiveCfg = Release|Any CPU
		{FF6B55DE-DDB6-4BAF-B2B8-4B75F6FA9510}.Release|Any CPU.Build.0 = Release|Any CPU
		{105D1297-61A0-4C56-9CFD-83F1E0DF6F59}.Debug|Any CPU.ActiveCfg = Debug|Any CPU
		{105D1297-61A0-4C56-9CFD-83F1E0DF6F59}.Debug|Any CPU.Build.0 = Debug|Any CPU
		{105D1297-61A0-4C56-9CFD-83F1E0DF6F59}.Release|Any CPU.ActiveCfg = Release|Any CPU
		{105D1297-61A0-4C56-9CFD-83F1E0DF6F59}.Release|Any CPU.Build.0 = Release|Any CPU
		{00F8A294-BF37-4690-87B1-055035DFC5C7}.Debug|Any CPU.ActiveCfg = Debug|Any CPU
		{00F8A294-BF37-4690-87B1-055035DFC5C7}.Debug|Any CPU.Build.0 = Debug|Any CPU
		{00F8A294-BF37-4690-87B1-055035DFC5C7}.Release|Any CPU.ActiveCfg = Release|Any CPU
		{00F8A294-BF37-4690-87B1-055035DFC5C7}.Release|Any CPU.Build.0 = Release|Any CPU
		{E4223E37-7158-4FD8-94C3-16585E0B541F}.Debug|Any CPU.ActiveCfg = Debug|Any CPU
		{E4223E37-7158-4FD8-94C3-16585E0B541F}.Debug|Any CPU.Build.0 = Debug|Any CPU
		{E4223E37-7158-4FD8-94C3-16585E0B541F}.Release|Any CPU.ActiveCfg = Release|Any CPU
		{E4223E37-7158-4FD8-94C3-16585E0B541F}.Release|Any CPU.Build.0 = Release|Any CPU
		{44E47C8B-DD22-4871-8346-BBB5066A4ADB}.Debug|Any CPU.ActiveCfg = Debug|Any CPU
		{44E47C8B-DD22-4871-8346-BBB5066A4ADB}.Debug|Any CPU.Build.0 = Debug|Any CPU
		{44E47C8B-DD22-4871-8346-BBB5066A4ADB}.Release|Any CPU.ActiveCfg = Release|Any CPU
		{44E47C8B-DD22-4871-8346-BBB5066A4ADB}.Release|Any CPU.Build.0 = Release|Any CPU
		{F2406E98-8CB8-4237-AA22-0638C142EAE7}.Debug|Any CPU.ActiveCfg = Debug|Any CPU
		{F2406E98-8CB8-4237-AA22-0638C142EAE7}.Debug|Any CPU.Build.0 = Debug|Any CPU
		{F2406E98-8CB8-4237-AA22-0638C142EAE7}.Release|Any CPU.ActiveCfg = Release|Any CPU
		{F2406E98-8CB8-4237-AA22-0638C142EAE7}.Release|Any CPU.Build.0 = Release|Any CPU
		{DA5EE055-9F52-41A6-BF93-249FF0AEC32B}.Debug|Any CPU.ActiveCfg = Debug|Any CPU
		{DA5EE055-9F52-41A6-BF93-249FF0AEC32B}.Debug|Any CPU.Build.0 = Debug|Any CPU
		{DA5EE055-9F52-41A6-BF93-249FF0AEC32B}.Release|Any CPU.ActiveCfg = Release|Any CPU
		{DA5EE055-9F52-41A6-BF93-249FF0AEC32B}.Release|Any CPU.Build.0 = Release|Any CPU
		{1A5A9560-058E-4D61-A18A-5D36014DD617}.Debug|Any CPU.ActiveCfg = Debug|Any CPU
		{1A5A9560-058E-4D61-A18A-5D36014DD617}.Debug|Any CPU.Build.0 = Debug|Any CPU
		{1A5A9560-058E-4D61-A18A-5D36014DD617}.Release|Any CPU.ActiveCfg = Release|Any CPU
		{1A5A9560-058E-4D61-A18A-5D36014DD617}.Release|Any CPU.Build.0 = Release|Any CPU
		{D10951D0-651B-4739-A339-8B3B49849739}.Debug|Any CPU.ActiveCfg = Debug|Any CPU
		{D10951D0-651B-4739-A339-8B3B49849739}.Debug|Any CPU.Build.0 = Debug|Any CPU
		{D10951D0-651B-4739-A339-8B3B49849739}.Release|Any CPU.ActiveCfg = Release|Any CPU
		{D10951D0-651B-4739-A339-8B3B49849739}.Release|Any CPU.Build.0 = Release|Any CPU
		{1680DD31-03D2-4251-92E6-41559D9CEBAF}.Debug|Any CPU.ActiveCfg = Debug|Any CPU
		{1680DD31-03D2-4251-92E6-41559D9CEBAF}.Debug|Any CPU.Build.0 = Debug|Any CPU
		{1680DD31-03D2-4251-92E6-41559D9CEBAF}.Release|Any CPU.ActiveCfg = Release|Any CPU
		{1680DD31-03D2-4251-92E6-41559D9CEBAF}.Release|Any CPU.Build.0 = Release|Any CPU
		{292E2694-2E75-40B7-9586-5E400180F1F6}.Debug|Any CPU.ActiveCfg = Debug|Any CPU
		{292E2694-2E75-40B7-9586-5E400180F1F6}.Debug|Any CPU.Build.0 = Debug|Any CPU
		{292E2694-2E75-40B7-9586-5E400180F1F6}.Release|Any CPU.ActiveCfg = Release|Any CPU
		{292E2694-2E75-40B7-9586-5E400180F1F6}.Release|Any CPU.Build.0 = Release|Any CPU
		{DB20D179-76F6-4DBC-8D57-C960858745FC}.Debug|Any CPU.ActiveCfg = Debug|Any CPU
		{DB20D179-76F6-4DBC-8D57-C960858745FC}.Debug|Any CPU.Build.0 = Debug|Any CPU
		{DB20D179-76F6-4DBC-8D57-C960858745FC}.Release|Any CPU.ActiveCfg = Release|Any CPU
		{DB20D179-76F6-4DBC-8D57-C960858745FC}.Release|Any CPU.Build.0 = Release|Any CPU
		{8FB67855-FF22-4CF1-89A9-B1B8BF77C62E}.Debug|Any CPU.ActiveCfg = Debug|Any CPU
		{8FB67855-FF22-4CF1-89A9-B1B8BF77C62E}.Debug|Any CPU.Build.0 = Debug|Any CPU
		{8FB67855-FF22-4CF1-89A9-B1B8BF77C62E}.Release|Any CPU.ActiveCfg = Release|Any CPU
		{8FB67855-FF22-4CF1-89A9-B1B8BF77C62E}.Release|Any CPU.Build.0 = Release|Any CPU
		{DC02EFF4-CB3C-40E0-98CE-1005AD1C4EB2}.Debug|Any CPU.ActiveCfg = Debug|Any CPU
		{DC02EFF4-CB3C-40E0-98CE-1005AD1C4EB2}.Debug|Any CPU.Build.0 = Debug|Any CPU
		{DC02EFF4-CB3C-40E0-98CE-1005AD1C4EB2}.Release|Any CPU.ActiveCfg = Release|Any CPU
		{DC02EFF4-CB3C-40E0-98CE-1005AD1C4EB2}.Release|Any CPU.Build.0 = Release|Any CPU
		{AF07AEC6-C9A5-41C5-B18A-5AA8C35F8F50}.Debug|Any CPU.ActiveCfg = Debug|Any CPU
		{AF07AEC6-C9A5-41C5-B18A-5AA8C35F8F50}.Debug|Any CPU.Build.0 = Debug|Any CPU
		{AF07AEC6-C9A5-41C5-B18A-5AA8C35F8F50}.Release|Any CPU.ActiveCfg = Release|Any CPU
		{AF07AEC6-C9A5-41C5-B18A-5AA8C35F8F50}.Release|Any CPU.Build.0 = Release|Any CPU
		{3D15717F-8C6E-4E9F-83BE-0D9DBCD5C4CD}.Debug|Any CPU.ActiveCfg = Debug|Any CPU
		{3D15717F-8C6E-4E9F-83BE-0D9DBCD5C4CD}.Debug|Any CPU.Build.0 = Debug|Any CPU
		{3D15717F-8C6E-4E9F-83BE-0D9DBCD5C4CD}.Release|Any CPU.ActiveCfg = Release|Any CPU
		{3D15717F-8C6E-4E9F-83BE-0D9DBCD5C4CD}.Release|Any CPU.Build.0 = Release|Any CPU
		{652FB689-2619-4CB5-8F87-32B55F6845D5}.Debug|Any CPU.ActiveCfg = Debug|Any CPU
		{652FB689-2619-4CB5-8F87-32B55F6845D5}.Debug|Any CPU.Build.0 = Debug|Any CPU
		{652FB689-2619-4CB5-8F87-32B55F6845D5}.Release|Any CPU.ActiveCfg = Release|Any CPU
		{652FB689-2619-4CB5-8F87-32B55F6845D5}.Release|Any CPU.Build.0 = Release|Any CPU
		{7028149D-FAD4-4631-A8BE-3A23D1F071D0}.Debug|Any CPU.ActiveCfg = Debug|Any CPU
		{7028149D-FAD4-4631-A8BE-3A23D1F071D0}.Debug|Any CPU.Build.0 = Debug|Any CPU
		{7028149D-FAD4-4631-A8BE-3A23D1F071D0}.Release|Any CPU.ActiveCfg = Release|Any CPU
		{7028149D-FAD4-4631-A8BE-3A23D1F071D0}.Release|Any CPU.Build.0 = Release|Any CPU
		{715545D0-D0A2-4FA2-A21D-876464D468EA}.Debug|Any CPU.ActiveCfg = Debug|Any CPU
		{715545D0-D0A2-4FA2-A21D-876464D468EA}.Debug|Any CPU.Build.0 = Debug|Any CPU
		{715545D0-D0A2-4FA2-A21D-876464D468EA}.Release|Any CPU.ActiveCfg = Release|Any CPU
		{715545D0-D0A2-4FA2-A21D-876464D468EA}.Release|Any CPU.Build.0 = Release|Any CPU
		{72CED22C-3E9B-464E-872F-82600BAF1935}.Debug|Any CPU.ActiveCfg = Debug|Any CPU
		{72CED22C-3E9B-464E-872F-82600BAF1935}.Debug|Any CPU.Build.0 = Debug|Any CPU
		{72CED22C-3E9B-464E-872F-82600BAF1935}.Release|Any CPU.ActiveCfg = Release|Any CPU
		{72CED22C-3E9B-464E-872F-82600BAF1935}.Release|Any CPU.Build.0 = Release|Any CPU
		{D0E7747E-518B-46F1-B6E1-FC15F5492713}.Debug|Any CPU.ActiveCfg = Debug|Any CPU
		{D0E7747E-518B-46F1-B6E1-FC15F5492713}.Debug|Any CPU.Build.0 = Debug|Any CPU
		{D0E7747E-518B-46F1-B6E1-FC15F5492713}.Release|Any CPU.ActiveCfg = Release|Any CPU
		{D0E7747E-518B-46F1-B6E1-FC15F5492713}.Release|Any CPU.Build.0 = Release|Any CPU
		{79B3A544-D499-4DBF-9F84-60B41A6A3C22}.Debug|Any CPU.ActiveCfg = Debug|Any CPU
		{79B3A544-D499-4DBF-9F84-60B41A6A3C22}.Debug|Any CPU.Build.0 = Debug|Any CPU
		{79B3A544-D499-4DBF-9F84-60B41A6A3C22}.Release|Any CPU.ActiveCfg = Release|Any CPU
		{79B3A544-D499-4DBF-9F84-60B41A6A3C22}.Release|Any CPU.Build.0 = Release|Any CPU
		{DEC1F957-C018-4802-B873-E9E564DA06FD}.Debug|Any CPU.ActiveCfg = Debug|Any CPU
		{DEC1F957-C018-4802-B873-E9E564DA06FD}.Debug|Any CPU.Build.0 = Debug|Any CPU
		{DEC1F957-C018-4802-B873-E9E564DA06FD}.Release|Any CPU.ActiveCfg = Release|Any CPU
		{DEC1F957-C018-4802-B873-E9E564DA06FD}.Release|Any CPU.Build.0 = Release|Any CPU
		{76220176-8682-458A-B677-5764254D67E3}.Debug|Any CPU.ActiveCfg = Debug|Any CPU
		{76220176-8682-458A-B677-5764254D67E3}.Debug|Any CPU.Build.0 = Debug|Any CPU
		{76220176-8682-458A-B677-5764254D67E3}.Release|Any CPU.ActiveCfg = Release|Any CPU
		{76220176-8682-458A-B677-5764254D67E3}.Release|Any CPU.Build.0 = Release|Any CPU
		{BCA8E6C2-C995-4953-BFD6-791FFF94A039}.Debug|Any CPU.ActiveCfg = Debug|Any CPU
		{BCA8E6C2-C995-4953-BFD6-791FFF94A039}.Debug|Any CPU.Build.0 = Debug|Any CPU
		{BCA8E6C2-C995-4953-BFD6-791FFF94A039}.Release|Any CPU.ActiveCfg = Release|Any CPU
		{BCA8E6C2-C995-4953-BFD6-791FFF94A039}.Release|Any CPU.Build.0 = Release|Any CPU
		{14A89109-56DC-4AC3-B65D-DAC88EA33E3D}.Debug|Any CPU.ActiveCfg = Debug|Any CPU
		{14A89109-56DC-4AC3-B65D-DAC88EA33E3D}.Debug|Any CPU.Build.0 = Debug|Any CPU
		{14A89109-56DC-4AC3-B65D-DAC88EA33E3D}.Release|Any CPU.ActiveCfg = Release|Any CPU
		{14A89109-56DC-4AC3-B65D-DAC88EA33E3D}.Release|Any CPU.Build.0 = Release|Any CPU
		{FA877A29-00B6-488B-9E32-8C6EE9DCC662}.Debug|Any CPU.ActiveCfg = Debug|Any CPU
		{FA877A29-00B6-488B-9E32-8C6EE9DCC662}.Debug|Any CPU.Build.0 = Debug|Any CPU
		{FA877A29-00B6-488B-9E32-8C6EE9DCC662}.Release|Any CPU.ActiveCfg = Release|Any CPU
		{FA877A29-00B6-488B-9E32-8C6EE9DCC662}.Release|Any CPU.Build.0 = Release|Any CPU
		{7EF08757-E3EA-445A-A377-11346E0AED29}.Debug|Any CPU.ActiveCfg = Debug|Any CPU
		{7EF08757-E3EA-445A-A377-11346E0AED29}.Debug|Any CPU.Build.0 = Debug|Any CPU
		{7EF08757-E3EA-445A-A377-11346E0AED29}.Release|Any CPU.ActiveCfg = Release|Any CPU
		{7EF08757-E3EA-445A-A377-11346E0AED29}.Release|Any CPU.Build.0 = Release|Any CPU
		{771F95BD-BD65-46C7-AC79-6D6028923390}.Debug|Any CPU.ActiveCfg = Debug|Any CPU
		{771F95BD-BD65-46C7-AC79-6D6028923390}.Debug|Any CPU.Build.0 = Debug|Any CPU
		{771F95BD-BD65-46C7-AC79-6D6028923390}.Release|Any CPU.ActiveCfg = Release|Any CPU
		{771F95BD-BD65-46C7-AC79-6D6028923390}.Release|Any CPU.Build.0 = Release|Any CPU
		{A0242FF6-B9F0-44FC-A22B-45F43788605D}.Debug|Any CPU.ActiveCfg = Debug|Any CPU
		{A0242FF6-B9F0-44FC-A22B-45F43788605D}.Debug|Any CPU.Build.0 = Debug|Any CPU
		{A0242FF6-B9F0-44FC-A22B-45F43788605D}.Release|Any CPU.ActiveCfg = Release|Any CPU
		{A0242FF6-B9F0-44FC-A22B-45F43788605D}.Release|Any CPU.Build.0 = Release|Any CPU
		{171F200C-BEDC-4BD8-A8CA-087C6EFF0DCC}.Debug|Any CPU.ActiveCfg = Debug|Any CPU
		{171F200C-BEDC-4BD8-A8CA-087C6EFF0DCC}.Debug|Any CPU.Build.0 = Debug|Any CPU
		{171F200C-BEDC-4BD8-A8CA-087C6EFF0DCC}.Release|Any CPU.ActiveCfg = Release|Any CPU
		{171F200C-BEDC-4BD8-A8CA-087C6EFF0DCC}.Release|Any CPU.Build.0 = Release|Any CPU
		{70250572-179E-403D-A355-E1A4F59B46BF}.Debug|Any CPU.ActiveCfg = Debug|Any CPU
		{70250572-179E-403D-A355-E1A4F59B46BF}.Debug|Any CPU.Build.0 = Debug|Any CPU
		{70250572-179E-403D-A355-E1A4F59B46BF}.Release|Any CPU.ActiveCfg = Release|Any CPU
		{70250572-179E-403D-A355-E1A4F59B46BF}.Release|Any CPU.Build.0 = Release|Any CPU
		{9290914A-8536-429C-B43C-F5C58C4FABB2}.Debug|Any CPU.ActiveCfg = Debug|Any CPU
		{9290914A-8536-429C-B43C-F5C58C4FABB2}.Debug|Any CPU.Build.0 = Debug|Any CPU
		{9290914A-8536-429C-B43C-F5C58C4FABB2}.Release|Any CPU.ActiveCfg = Release|Any CPU
		{9290914A-8536-429C-B43C-F5C58C4FABB2}.Release|Any CPU.Build.0 = Release|Any CPU
		{EBE6F6DD-7F10-416F-BC95-4C0F4FB5EB8D}.Debug|Any CPU.ActiveCfg = Debug|Any CPU
		{EBE6F6DD-7F10-416F-BC95-4C0F4FB5EB8D}.Debug|Any CPU.Build.0 = Debug|Any CPU
		{EBE6F6DD-7F10-416F-BC95-4C0F4FB5EB8D}.Release|Any CPU.ActiveCfg = Release|Any CPU
		{EBE6F6DD-7F10-416F-BC95-4C0F4FB5EB8D}.Release|Any CPU.Build.0 = Release|Any CPU
		{ED9FF539-1930-495D-B1B1-056FD00F56A7}.Debug|Any CPU.ActiveCfg = Debug|Any CPU
		{ED9FF539-1930-495D-B1B1-056FD00F56A7}.Debug|Any CPU.Build.0 = Debug|Any CPU
		{ED9FF539-1930-495D-B1B1-056FD00F56A7}.Release|Any CPU.ActiveCfg = Release|Any CPU
		{ED9FF539-1930-495D-B1B1-056FD00F56A7}.Release|Any CPU.Build.0 = Release|Any CPU
		{14481CFC-E359-449B-9BAA-97594235E1A1}.Debug|Any CPU.ActiveCfg = Debug|Any CPU
		{14481CFC-E359-449B-9BAA-97594235E1A1}.Debug|Any CPU.Build.0 = Debug|Any CPU
		{14481CFC-E359-449B-9BAA-97594235E1A1}.Release|Any CPU.ActiveCfg = Release|Any CPU
		{14481CFC-E359-449B-9BAA-97594235E1A1}.Release|Any CPU.Build.0 = Release|Any CPU
		{4DDA0A93-265A-4451-B6FB-E0246A553BB4}.Debug|Any CPU.ActiveCfg = Debug|Any CPU
		{4DDA0A93-265A-4451-B6FB-E0246A553BB4}.Debug|Any CPU.Build.0 = Debug|Any CPU
		{4DDA0A93-265A-4451-B6FB-E0246A553BB4}.Release|Any CPU.ActiveCfg = Release|Any CPU
		{4DDA0A93-265A-4451-B6FB-E0246A553BB4}.Release|Any CPU.Build.0 = Release|Any CPU
		{318BC06B-D1B3-49B3-B660-E54A6812B9C5}.Debug|Any CPU.ActiveCfg = Debug|Any CPU
		{318BC06B-D1B3-49B3-B660-E54A6812B9C5}.Debug|Any CPU.Build.0 = Debug|Any CPU
		{318BC06B-D1B3-49B3-B660-E54A6812B9C5}.Release|Any CPU.ActiveCfg = Release|Any CPU
		{318BC06B-D1B3-49B3-B660-E54A6812B9C5}.Release|Any CPU.Build.0 = Release|Any CPU
		{4F99C7ED-145C-497D-B356-3BF651E57924}.Debug|Any CPU.ActiveCfg = Debug|Any CPU
		{4F99C7ED-145C-497D-B356-3BF651E57924}.Debug|Any CPU.Build.0 = Debug|Any CPU
		{4F99C7ED-145C-497D-B356-3BF651E57924}.Release|Any CPU.ActiveCfg = Release|Any CPU
		{4F99C7ED-145C-497D-B356-3BF651E57924}.Release|Any CPU.Build.0 = Release|Any CPU
		{A8E0FA67-0BC4-4E75-8836-56D2B8FED823}.Debug|Any CPU.ActiveCfg = Debug|Any CPU
		{A8E0FA67-0BC4-4E75-8836-56D2B8FED823}.Debug|Any CPU.Build.0 = Debug|Any CPU
		{A8E0FA67-0BC4-4E75-8836-56D2B8FED823}.Release|Any CPU.ActiveCfg = Release|Any CPU
		{A8E0FA67-0BC4-4E75-8836-56D2B8FED823}.Release|Any CPU.Build.0 = Release|Any CPU
		{4A129A90-77D9-4426-B979-CD7A90BCFC60}.Debug|Any CPU.ActiveCfg = Debug|Any CPU
		{4A129A90-77D9-4426-B979-CD7A90BCFC60}.Debug|Any CPU.Build.0 = Debug|Any CPU
		{4A129A90-77D9-4426-B979-CD7A90BCFC60}.Release|Any CPU.ActiveCfg = Release|Any CPU
		{4A129A90-77D9-4426-B979-CD7A90BCFC60}.Release|Any CPU.Build.0 = Release|Any CPU
		{0B037B37-DA2D-48EF-BF3A-C05A7A116240}.Debug|Any CPU.ActiveCfg = Debug|Any CPU
		{0B037B37-DA2D-48EF-BF3A-C05A7A116240}.Debug|Any CPU.Build.0 = Debug|Any CPU
		{0B037B37-DA2D-48EF-BF3A-C05A7A116240}.Release|Any CPU.ActiveCfg = Release|Any CPU
		{0B037B37-DA2D-48EF-BF3A-C05A7A116240}.Release|Any CPU.Build.0 = Release|Any CPU
		{4652098B-FCBD-4C03-90E4-B7442273920F}.Debug|Any CPU.ActiveCfg = Debug|Any CPU
		{4652098B-FCBD-4C03-90E4-B7442273920F}.Debug|Any CPU.Build.0 = Debug|Any CPU
		{4652098B-FCBD-4C03-90E4-B7442273920F}.Release|Any CPU.ActiveCfg = Release|Any CPU
		{4652098B-FCBD-4C03-90E4-B7442273920F}.Release|Any CPU.Build.0 = Release|Any CPU
		{56C2F776-76E5-4F03-AB18-10324D786C47}.Debug|Any CPU.ActiveCfg = Debug|Any CPU
		{56C2F776-76E5-4F03-AB18-10324D786C47}.Debug|Any CPU.Build.0 = Debug|Any CPU
		{56C2F776-76E5-4F03-AB18-10324D786C47}.Release|Any CPU.ActiveCfg = Release|Any CPU
		{56C2F776-76E5-4F03-AB18-10324D786C47}.Release|Any CPU.Build.0 = Release|Any CPU
		{73C771BE-CCCB-4543-B75F-5C040FF013B9}.Debug|Any CPU.ActiveCfg = Debug|Any CPU
		{73C771BE-CCCB-4543-B75F-5C040FF013B9}.Debug|Any CPU.Build.0 = Debug|Any CPU
		{73C771BE-CCCB-4543-B75F-5C040FF013B9}.Release|Any CPU.ActiveCfg = Release|Any CPU
		{73C771BE-CCCB-4543-B75F-5C040FF013B9}.Release|Any CPU.Build.0 = Release|Any CPU
		{CBB4C641-A515-4DCC-B739-133ACF15EF7A}.Debug|Any CPU.ActiveCfg = Debug|Any CPU
		{CBB4C641-A515-4DCC-B739-133ACF15EF7A}.Debug|Any CPU.Build.0 = Debug|Any CPU
		{CBB4C641-A515-4DCC-B739-133ACF15EF7A}.Release|Any CPU.ActiveCfg = Release|Any CPU
		{CBB4C641-A515-4DCC-B739-133ACF15EF7A}.Release|Any CPU.Build.0 = Release|Any CPU
		{79E491B8-894F-418F-99C3-B53C5ED5A6FC}.Debug|Any CPU.ActiveCfg = Debug|Any CPU
		{79E491B8-894F-418F-99C3-B53C5ED5A6FC}.Debug|Any CPU.Build.0 = Debug|Any CPU
		{79E491B8-894F-418F-99C3-B53C5ED5A6FC}.Release|Any CPU.ActiveCfg = Release|Any CPU
		{79E491B8-894F-418F-99C3-B53C5ED5A6FC}.Release|Any CPU.Build.0 = Release|Any CPU
		{344F9B3B-0FA8-4B86-A827-06494C2F073C}.Debug|Any CPU.ActiveCfg = Debug|Any CPU
		{344F9B3B-0FA8-4B86-A827-06494C2F073C}.Debug|Any CPU.Build.0 = Debug|Any CPU
		{344F9B3B-0FA8-4B86-A827-06494C2F073C}.Release|Any CPU.ActiveCfg = Release|Any CPU
		{344F9B3B-0FA8-4B86-A827-06494C2F073C}.Release|Any CPU.Build.0 = Release|Any CPU
		{12BFA4A8-99BD-47E0-BA64-F9768C207793}.Debug|Any CPU.ActiveCfg = Debug|Any CPU
		{12BFA4A8-99BD-47E0-BA64-F9768C207793}.Debug|Any CPU.Build.0 = Debug|Any CPU
		{12BFA4A8-99BD-47E0-BA64-F9768C207793}.Release|Any CPU.ActiveCfg = Release|Any CPU
		{12BFA4A8-99BD-47E0-BA64-F9768C207793}.Release|Any CPU.Build.0 = Release|Any CPU
		{107C10CA-167D-4450-A25E-8BD0CCBE177C}.Debug|Any CPU.ActiveCfg = Debug|Any CPU
		{107C10CA-167D-4450-A25E-8BD0CCBE177C}.Debug|Any CPU.Build.0 = Debug|Any CPU
		{107C10CA-167D-4450-A25E-8BD0CCBE177C}.Release|Any CPU.ActiveCfg = Release|Any CPU
		{107C10CA-167D-4450-A25E-8BD0CCBE177C}.Release|Any CPU.Build.0 = Release|Any CPU
		{BFC66200-42E4-4A62-89E9-D9F9C2479CDC}.Debug|Any CPU.ActiveCfg = Debug|Any CPU
		{BFC66200-42E4-4A62-89E9-D9F9C2479CDC}.Debug|Any CPU.Build.0 = Debug|Any CPU
		{BFC66200-42E4-4A62-89E9-D9F9C2479CDC}.Release|Any CPU.ActiveCfg = Release|Any CPU
		{BFC66200-42E4-4A62-89E9-D9F9C2479CDC}.Release|Any CPU.Build.0 = Release|Any CPU
		{FC363492-3355-4363-969A-E84C4D86DE59}.Debug|Any CPU.ActiveCfg = Debug|Any CPU
		{FC363492-3355-4363-969A-E84C4D86DE59}.Debug|Any CPU.Build.0 = Debug|Any CPU
		{FC363492-3355-4363-969A-E84C4D86DE59}.Release|Any CPU.ActiveCfg = Release|Any CPU
		{FC363492-3355-4363-969A-E84C4D86DE59}.Release|Any CPU.Build.0 = Release|Any CPU
		{17E0F5BB-B86C-4835-BA4A-A6D4A4F29B1D}.Debug|Any CPU.ActiveCfg = Debug|Any CPU
		{17E0F5BB-B86C-4835-BA4A-A6D4A4F29B1D}.Debug|Any CPU.Build.0 = Debug|Any CPU
		{17E0F5BB-B86C-4835-BA4A-A6D4A4F29B1D}.Release|Any CPU.ActiveCfg = Release|Any CPU
		{17E0F5BB-B86C-4835-BA4A-A6D4A4F29B1D}.Release|Any CPU.Build.0 = Release|Any CPU
		{A6FB9ABF-5456-4E1C-A8F6-D0B1250C824D}.Debug|Any CPU.ActiveCfg = Debug|Any CPU
		{A6FB9ABF-5456-4E1C-A8F6-D0B1250C824D}.Debug|Any CPU.Build.0 = Debug|Any CPU
		{A6FB9ABF-5456-4E1C-A8F6-D0B1250C824D}.Release|Any CPU.ActiveCfg = Release|Any CPU
		{A6FB9ABF-5456-4E1C-A8F6-D0B1250C824D}.Release|Any CPU.Build.0 = Release|Any CPU
		{9D75BED4-FFD1-457B-BA28-0E2176105778}.Debug|Any CPU.ActiveCfg = Debug|Any CPU
		{9D75BED4-FFD1-457B-BA28-0E2176105778}.Debug|Any CPU.Build.0 = Debug|Any CPU
		{9D75BED4-FFD1-457B-BA28-0E2176105778}.Release|Any CPU.ActiveCfg = Release|Any CPU
		{9D75BED4-FFD1-457B-BA28-0E2176105778}.Release|Any CPU.Build.0 = Release|Any CPU
		{6178A2AE-F858-4F7A-83E5-6BDB03A6EFCD}.Debug|Any CPU.ActiveCfg = Debug|Any CPU
		{6178A2AE-F858-4F7A-83E5-6BDB03A6EFCD}.Debug|Any CPU.Build.0 = Debug|Any CPU
		{6178A2AE-F858-4F7A-83E5-6BDB03A6EFCD}.Release|Any CPU.ActiveCfg = Release|Any CPU
		{6178A2AE-F858-4F7A-83E5-6BDB03A6EFCD}.Release|Any CPU.Build.0 = Release|Any CPU
		{9BDDA79E-DC08-4EC0-8F20-EA3F5B7DDAF5}.Debug|Any CPU.ActiveCfg = Debug|Any CPU
		{9BDDA79E-DC08-4EC0-8F20-EA3F5B7DDAF5}.Debug|Any CPU.Build.0 = Debug|Any CPU
		{9BDDA79E-DC08-4EC0-8F20-EA3F5B7DDAF5}.Release|Any CPU.ActiveCfg = Release|Any CPU
		{9BDDA79E-DC08-4EC0-8F20-EA3F5B7DDAF5}.Release|Any CPU.Build.0 = Release|Any CPU
		{3DD8DEF2-51C2-4040-BF94-09A7D715DD66}.Debug|Any CPU.ActiveCfg = Debug|Any CPU
		{3DD8DEF2-51C2-4040-BF94-09A7D715DD66}.Debug|Any CPU.Build.0 = Debug|Any CPU
		{3DD8DEF2-51C2-4040-BF94-09A7D715DD66}.Release|Any CPU.ActiveCfg = Release|Any CPU
		{3DD8DEF2-51C2-4040-BF94-09A7D715DD66}.Release|Any CPU.Build.0 = Release|Any CPU
		{8C41F6BA-9E02-456D-9259-2E05226D6033}.Debug|Any CPU.ActiveCfg = Debug|Any CPU
		{8C41F6BA-9E02-456D-9259-2E05226D6033}.Debug|Any CPU.Build.0 = Debug|Any CPU
		{8C41F6BA-9E02-456D-9259-2E05226D6033}.Release|Any CPU.ActiveCfg = Release|Any CPU
		{8C41F6BA-9E02-456D-9259-2E05226D6033}.Release|Any CPU.Build.0 = Release|Any CPU
		{7EFEABE5-3413-44EF-9E93-05803B4FCDC6}.Debug|Any CPU.ActiveCfg = Debug|Any CPU
		{7EFEABE5-3413-44EF-9E93-05803B4FCDC6}.Debug|Any CPU.Build.0 = Debug|Any CPU
		{7EFEABE5-3413-44EF-9E93-05803B4FCDC6}.Release|Any CPU.ActiveCfg = Release|Any CPU
		{7EFEABE5-3413-44EF-9E93-05803B4FCDC6}.Release|Any CPU.Build.0 = Release|Any CPU
		{F8A3EC83-EE42-46C8-BE50-3CDAE93E54F2}.Debug|Any CPU.ActiveCfg = Debug|Any CPU
		{F8A3EC83-EE42-46C8-BE50-3CDAE93E54F2}.Debug|Any CPU.Build.0 = Debug|Any CPU
		{F8A3EC83-EE42-46C8-BE50-3CDAE93E54F2}.Release|Any CPU.ActiveCfg = Release|Any CPU
		{F8A3EC83-EE42-46C8-BE50-3CDAE93E54F2}.Release|Any CPU.Build.0 = Release|Any CPU
		{152804B8-2737-4546-A438-EC860D8BD35C}.Debug|Any CPU.ActiveCfg = Debug|Any CPU
		{152804B8-2737-4546-A438-EC860D8BD35C}.Debug|Any CPU.Build.0 = Debug|Any CPU
		{152804B8-2737-4546-A438-EC860D8BD35C}.Release|Any CPU.ActiveCfg = Release|Any CPU
		{152804B8-2737-4546-A438-EC860D8BD35C}.Release|Any CPU.Build.0 = Release|Any CPU
		{25FB7BC3-31A3-4337-BCFB-F3E254113CB4}.Debug|Any CPU.ActiveCfg = Debug|Any CPU
		{25FB7BC3-31A3-4337-BCFB-F3E254113CB4}.Debug|Any CPU.Build.0 = Debug|Any CPU
		{25FB7BC3-31A3-4337-BCFB-F3E254113CB4}.Release|Any CPU.ActiveCfg = Release|Any CPU
		{25FB7BC3-31A3-4337-BCFB-F3E254113CB4}.Release|Any CPU.Build.0 = Release|Any CPU
		{CCF894A0-CA98-44BB-A01A-C2D0DAB9FBB8}.Debug|Any CPU.ActiveCfg = Debug|Any CPU
		{CCF894A0-CA98-44BB-A01A-C2D0DAB9FBB8}.Debug|Any CPU.Build.0 = Debug|Any CPU
		{CCF894A0-CA98-44BB-A01A-C2D0DAB9FBB8}.Release|Any CPU.ActiveCfg = Release|Any CPU
		{CCF894A0-CA98-44BB-A01A-C2D0DAB9FBB8}.Release|Any CPU.Build.0 = Release|Any CPU
		{BE091198-2EEF-47F7-86EA-48A33442A8F4}.Debug|Any CPU.ActiveCfg = Debug|Any CPU
		{BE091198-2EEF-47F7-86EA-48A33442A8F4}.Debug|Any CPU.Build.0 = Debug|Any CPU
		{BE091198-2EEF-47F7-86EA-48A33442A8F4}.Release|Any CPU.ActiveCfg = Release|Any CPU
		{BE091198-2EEF-47F7-86EA-48A33442A8F4}.Release|Any CPU.Build.0 = Release|Any CPU
		{DBA17ABE-5898-459D-A8D7-65E35ED4FD31}.Debug|Any CPU.ActiveCfg = Debug|Any CPU
		{DBA17ABE-5898-459D-A8D7-65E35ED4FD31}.Debug|Any CPU.Build.0 = Debug|Any CPU
		{DBA17ABE-5898-459D-A8D7-65E35ED4FD31}.Release|Any CPU.ActiveCfg = Release|Any CPU
		{DBA17ABE-5898-459D-A8D7-65E35ED4FD31}.Release|Any CPU.Build.0 = Release|Any CPU
		{29723B2E-AA7D-4D5A-AA81-686EE86F1AAD}.Debug|Any CPU.ActiveCfg = Debug|Any CPU
		{29723B2E-AA7D-4D5A-AA81-686EE86F1AAD}.Debug|Any CPU.Build.0 = Debug|Any CPU
		{29723B2E-AA7D-4D5A-AA81-686EE86F1AAD}.Release|Any CPU.ActiveCfg = Release|Any CPU
		{29723B2E-AA7D-4D5A-AA81-686EE86F1AAD}.Release|Any CPU.Build.0 = Release|Any CPU
		{04234596-7D14-4A0D-A4FE-F0808A954853}.Debug|Any CPU.ActiveCfg = Debug|Any CPU
		{04234596-7D14-4A0D-A4FE-F0808A954853}.Debug|Any CPU.Build.0 = Debug|Any CPU
		{04234596-7D14-4A0D-A4FE-F0808A954853}.Release|Any CPU.ActiveCfg = Release|Any CPU
		{04234596-7D14-4A0D-A4FE-F0808A954853}.Release|Any CPU.Build.0 = Release|Any CPU
		{6EC3F2E1-0237-4843-BCFD-B985D41F7347}.Debug|Any CPU.ActiveCfg = Debug|Any CPU
		{6EC3F2E1-0237-4843-BCFD-B985D41F7347}.Debug|Any CPU.Build.0 = Debug|Any CPU
		{6EC3F2E1-0237-4843-BCFD-B985D41F7347}.Release|Any CPU.ActiveCfg = Release|Any CPU
		{6EC3F2E1-0237-4843-BCFD-B985D41F7347}.Release|Any CPU.Build.0 = Release|Any CPU
		{8A96C1F7-28AF-47C2-BD9B-BB709AC54B85}.Debug|Any CPU.ActiveCfg = Debug|Any CPU
		{8A96C1F7-28AF-47C2-BD9B-BB709AC54B85}.Debug|Any CPU.Build.0 = Debug|Any CPU
		{8A96C1F7-28AF-47C2-BD9B-BB709AC54B85}.Release|Any CPU.ActiveCfg = Release|Any CPU
		{8A96C1F7-28AF-47C2-BD9B-BB709AC54B85}.Release|Any CPU.Build.0 = Release|Any CPU
		{64562265-E4EB-4F2D-9F15-9ADD5CD026DB}.Debug|Any CPU.ActiveCfg = Debug|Any CPU
		{64562265-E4EB-4F2D-9F15-9ADD5CD026DB}.Debug|Any CPU.Build.0 = Debug|Any CPU
		{64562265-E4EB-4F2D-9F15-9ADD5CD026DB}.Release|Any CPU.ActiveCfg = Release|Any CPU
		{64562265-E4EB-4F2D-9F15-9ADD5CD026DB}.Release|Any CPU.Build.0 = Release|Any CPU
		{979CAFDC-D50F-4A76-AE64-0FF96E28943D}.Debug|Any CPU.ActiveCfg = Debug|Any CPU
		{979CAFDC-D50F-4A76-AE64-0FF96E28943D}.Debug|Any CPU.Build.0 = Debug|Any CPU
		{979CAFDC-D50F-4A76-AE64-0FF96E28943D}.Release|Any CPU.ActiveCfg = Release|Any CPU
		{979CAFDC-D50F-4A76-AE64-0FF96E28943D}.Release|Any CPU.Build.0 = Release|Any CPU
		{9E63B01B-269F-4712-BC45-634E1035FEF3}.Debug|Any CPU.ActiveCfg = Debug|Any CPU
		{9E63B01B-269F-4712-BC45-634E1035FEF3}.Debug|Any CPU.Build.0 = Debug|Any CPU
		{9E63B01B-269F-4712-BC45-634E1035FEF3}.Release|Any CPU.ActiveCfg = Release|Any CPU
		{9E63B01B-269F-4712-BC45-634E1035FEF3}.Release|Any CPU.Build.0 = Release|Any CPU
	EndGlobalSection
	GlobalSection(SolutionProperties) = preSolution
		HideSolutionNode = FALSE
	EndGlobalSection
	GlobalSection(NestedProjects) = preSolution
		{EB92A624-3E1B-4D64-8ADA-6E7E6305EE66} = {FFB945EB-B783-4385-A2A0-B792D57B2E27}
		{BEB7D767-6772-4621-886C-F4DEFF6A9C1F} = {FFB945EB-B783-4385-A2A0-B792D57B2E27}
		{6D41E1D4-DAFF-484A-AF31-CEA14084FCE6} = {FFB945EB-B783-4385-A2A0-B792D57B2E27}
		{25E9C4C7-5FFA-446F-9D7F-CDCC032C3F20} = {FFB945EB-B783-4385-A2A0-B792D57B2E27}
		{6CB4E256-904C-4B79-A257-DF6E1B96D38D} = {FFB945EB-B783-4385-A2A0-B792D57B2E27}
		{0D4239DF-82A6-4AB6-82A8-A51F33AE2E15} = {FFB945EB-B783-4385-A2A0-B792D57B2E27}
		{F0090FF6-7D85-4AC1-BC51-E3C0E5570C5B} = {FFB945EB-B783-4385-A2A0-B792D57B2E27}
		{30B13FA8-3C14-44E3-8445-5AE0AAA52D01} = {07CCF158-D869-40B9-8311-090032A76C1A}
		{63E9B854-33AA-4F7A-9A22-2D039159D6A0} = {07CCF158-D869-40B9-8311-090032A76C1A}
		{178B7D57-3EA0-4F93-9DE2-C9E4A275AAE4} = {07CCF158-D869-40B9-8311-090032A76C1A}
		{D8FE1A3A-A009-4C42-82A7-EB7C9D76E9CB} = {07CCF158-D869-40B9-8311-090032A76C1A}
		{CDA84D87-AAAA-4369-B3D3-6C29F5F1C289} = {07CCF158-D869-40B9-8311-090032A76C1A}
		{F62D3CB8-14C8-45D7-A06B-AA566755A182} = {07CCF158-D869-40B9-8311-090032A76C1A}
		{C6917D0F-C238-47B0-9B3E-53F2CFDA950A} = {07CCF158-D869-40B9-8311-090032A76C1A}
		{8A8ADAD5-A94D-4AA0-8B77-AA6582C18E58} = {BEB7D767-6772-4621-886C-F4DEFF6A9C1F}
		{9044924A-35A3-41FF-A41E-F1E1350A61BD} = {BEB7D767-6772-4621-886C-F4DEFF6A9C1F}
		{45195A6C-500B-41C3-B47C-C0F091AF17EE} = {BEB7D767-6772-4621-886C-F4DEFF6A9C1F}
		{3B7DBB7C-FFDC-4B94-9ABE-0AFB8A1FF52E} = {BEB7D767-6772-4621-886C-F4DEFF6A9C1F}
		{729D4B89-29A4-4F22-94A6-121AFCFB0258} = {BEB7D767-6772-4621-886C-F4DEFF6A9C1F}
		{82C13F20-2E6D-4E5F-BE79-1C08C0132AC0} = {BEB7D767-6772-4621-886C-F4DEFF6A9C1F}
		{10281BDE-898F-4BF4-A1E1-DB310FA6E088} = {BEB7D767-6772-4621-886C-F4DEFF6A9C1F}
		{480A344D-5D02-4EC1-814B-DDF1F3CBB590} = {BEB7D767-6772-4621-886C-F4DEFF6A9C1F}
		{C34312BE-53F7-4034-BCDE-E6059D479B3E} = {BEB7D767-6772-4621-886C-F4DEFF6A9C1F}
		{67028E75-CD12-409A-AC29-5BF58320916F} = {BEB7D767-6772-4621-886C-F4DEFF6A9C1F}
		{9A85AB1E-B2B5-4D4A-BFC8-47201C39C737} = {BEB7D767-6772-4621-886C-F4DEFF6A9C1F}
		{B74D6CD1-7B1C-407F-82F7-BB070C052640} = {BEB7D767-6772-4621-886C-F4DEFF6A9C1F}
		{671C4D3B-BC7F-4FE3-9698-92390806B1FE} = {BEB7D767-6772-4621-886C-F4DEFF6A9C1F}
		{407733B0-FE19-4D73-904D-0C25B1EF3DC7} = {BEB7D767-6772-4621-886C-F4DEFF6A9C1F}
		{961605BF-2B44-4322-841A-39E3A8A57DC5} = {6D41E1D4-DAFF-484A-AF31-CEA14084FCE6}
		{9E0032B3-B5FA-41D9-BD87-20DB9D2E8123} = {6D41E1D4-DAFF-484A-AF31-CEA14084FCE6}
		{8119AB43-CE94-479D-8C38-C89757747A98} = {6D41E1D4-DAFF-484A-AF31-CEA14084FCE6}
		{304B468C-0C8A-4BFE-B7F6-C23EDCFAC6B9} = {6D41E1D4-DAFF-484A-AF31-CEA14084FCE6}
		{60B1C8BB-C690-4BB5-AA73-5BE0C0006F2D} = {6D41E1D4-DAFF-484A-AF31-CEA14084FCE6}
		{24FAE50B-32FE-4629-A23C-CF69075260DA} = {6D41E1D4-DAFF-484A-AF31-CEA14084FCE6}
		{33307247-0140-4238-8B1F-CB6829651C14} = {6D41E1D4-DAFF-484A-AF31-CEA14084FCE6}
		{C2B39882-AEEA-4D98-A22F-DE3A148F60FF} = {6D41E1D4-DAFF-484A-AF31-CEA14084FCE6}
		{56C190C4-DC39-41D1-A701-7ECC47B6E787} = {6D41E1D4-DAFF-484A-AF31-CEA14084FCE6}
		{77CF60D2-7EF1-4403-ACAC-C91E802BDA0A} = {6D41E1D4-DAFF-484A-AF31-CEA14084FCE6}
		{306A25C1-FD8B-4086-9B48-AE664F436C92} = {6D41E1D4-DAFF-484A-AF31-CEA14084FCE6}
		{066542A4-8754-45BA-A08F-96C00A87FDE7} = {25E9C4C7-5FFA-446F-9D7F-CDCC032C3F20}
		{1E58DA4F-8F81-41D6-9DBD-5D94061C8D74} = {25E9C4C7-5FFA-446F-9D7F-CDCC032C3F20}
		{EB47F1B4-EDE3-4F89-8AB0-517DFC36734C} = {25E9C4C7-5FFA-446F-9D7F-CDCC032C3F20}
		{3C028539-DD59-49E1-A45E-44B4BECAA675} = {25E9C4C7-5FFA-446F-9D7F-CDCC032C3F20}
		{0E9A4093-F261-4A8B-B2CE-5536C1782850} = {25E9C4C7-5FFA-446F-9D7F-CDCC032C3F20}
		{A4017AD3-BE98-48DE-B354-FC4F68704012} = {25E9C4C7-5FFA-446F-9D7F-CDCC032C3F20}
		{23B53447-E489-4B35-B7A1-2944407799DB} = {25E9C4C7-5FFA-446F-9D7F-CDCC032C3F20}
		{2406FAC6-1D07-46DE-942B-BD92E08DF170} = {25E9C4C7-5FFA-446F-9D7F-CDCC032C3F20}
		{83859D43-BD0D-489A-ADC4-13B019A7AF71} = {25E9C4C7-5FFA-446F-9D7F-CDCC032C3F20}
		{548EFF80-3E63-4583-80A5-AD03A121C30D} = {25E9C4C7-5FFA-446F-9D7F-CDCC032C3F20}
		{4A7497E4-9B58-4A43-BCD8-D83213A26744} = {6CB4E256-904C-4B79-A257-DF6E1B96D38D}
		{6634B6C0-8872-44F7-8A84-EA7616657236} = {6CB4E256-904C-4B79-A257-DF6E1B96D38D}
		{9DD82925-33F5-4CBD-A17F-6941A8B6BCB1} = {6CB4E256-904C-4B79-A257-DF6E1B96D38D}
		{1AB1D73A-EBD5-41B8-8B37-B438ECA09802} = {6CB4E256-904C-4B79-A257-DF6E1B96D38D}
		{757A76BC-BC7E-48ED-8E7C-0E246EB414FD} = {6CB4E256-904C-4B79-A257-DF6E1B96D38D}
		{137C13BB-2611-4E9F-99A0-D7D0B9221897} = {6CB4E256-904C-4B79-A257-DF6E1B96D38D}
		{8C91703D-7EE2-4C0D-B113-6D1AF2A64BB9} = {6CB4E256-904C-4B79-A257-DF6E1B96D38D}
		{4E02BFCC-CF31-43ED-8EAD-893B73355CA7} = {6CB4E256-904C-4B79-A257-DF6E1B96D38D}
		{48CFD755-AE3B-4CB6-B556-F2CE6FE90ED5} = {6CB4E256-904C-4B79-A257-DF6E1B96D38D}
		{34C50C58-827A-4947-A697-AE75FADFE4AC} = {0D4239DF-82A6-4AB6-82A8-A51F33AE2E15}
		{E0FB9799-6745-45F0-8C83-465015708A58} = {0D4239DF-82A6-4AB6-82A8-A51F33AE2E15}
		{68FF8BC5-715E-401A-BC20-D563C2C41CF2} = {0D4239DF-82A6-4AB6-82A8-A51F33AE2E15}
		{49BE79D5-637C-443B-8F45-2C454E343BA8} = {0D4239DF-82A6-4AB6-82A8-A51F33AE2E15}
		{1AB30D30-E8E3-4893-9755-438EF105FAE7} = {0D4239DF-82A6-4AB6-82A8-A51F33AE2E15}
		{AFC7D2EA-5DCE-4ED7-B1AB-CD53F135D855} = {0D4239DF-82A6-4AB6-82A8-A51F33AE2E15}
		{BEE0F104-2D29-49EE-A5E5-274646744E1A} = {0D4239DF-82A6-4AB6-82A8-A51F33AE2E15}
		{67E4A8D5-FBCB-4E09-811D-7F299B806F0E} = {0D4239DF-82A6-4AB6-82A8-A51F33AE2E15}
		{CF55D94C-DD7B-4CE5-8D73-8968B1E5CB36} = {0D4239DF-82A6-4AB6-82A8-A51F33AE2E15}
		{92F561B2-9E01-4672-819A-DFA6907B278E} = {0D4239DF-82A6-4AB6-82A8-A51F33AE2E15}
		{782916C3-5A2D-478A-94FB-3580D86A1736} = {0D4239DF-82A6-4AB6-82A8-A51F33AE2E15}
		{E5810D82-787E-43BD-8659-642CA92C23C3} = {0D4239DF-82A6-4AB6-82A8-A51F33AE2E15}
		{685C28E8-CBB0-45DF-8558-BD8A2F29B426} = {0D4239DF-82A6-4AB6-82A8-A51F33AE2E15}
		{FF6B55DE-DDB6-4BAF-B2B8-4B75F6FA9510} = {0D4239DF-82A6-4AB6-82A8-A51F33AE2E15}
		{105D1297-61A0-4C56-9CFD-83F1E0DF6F59} = {0D4239DF-82A6-4AB6-82A8-A51F33AE2E15}
		{00F8A294-BF37-4690-87B1-055035DFC5C7} = {0D4239DF-82A6-4AB6-82A8-A51F33AE2E15}
		{E4223E37-7158-4FD8-94C3-16585E0B541F} = {F0090FF6-7D85-4AC1-BC51-E3C0E5570C5B}
		{44E47C8B-DD22-4871-8346-BBB5066A4ADB} = {F0090FF6-7D85-4AC1-BC51-E3C0E5570C5B}
		{F2406E98-8CB8-4237-AA22-0638C142EAE7} = {F0090FF6-7D85-4AC1-BC51-E3C0E5570C5B}
		{DA5EE055-9F52-41A6-BF93-249FF0AEC32B} = {F0090FF6-7D85-4AC1-BC51-E3C0E5570C5B}
		{1A5A9560-058E-4D61-A18A-5D36014DD617} = {F0090FF6-7D85-4AC1-BC51-E3C0E5570C5B}
		{D10951D0-651B-4739-A339-8B3B49849739} = {F0090FF6-7D85-4AC1-BC51-E3C0E5570C5B}
		{1680DD31-03D2-4251-92E6-41559D9CEBAF} = {F0090FF6-7D85-4AC1-BC51-E3C0E5570C5B}
		{292E2694-2E75-40B7-9586-5E400180F1F6} = {F0090FF6-7D85-4AC1-BC51-E3C0E5570C5B}
		{DB20D179-76F6-4DBC-8D57-C960858745FC} = {F0090FF6-7D85-4AC1-BC51-E3C0E5570C5B}
		{8FB67855-FF22-4CF1-89A9-B1B8BF77C62E} = {F0090FF6-7D85-4AC1-BC51-E3C0E5570C5B}
		{DC02EFF4-CB3C-40E0-98CE-1005AD1C4EB2} = {F0090FF6-7D85-4AC1-BC51-E3C0E5570C5B}
		{AF07AEC6-C9A5-41C5-B18A-5AA8C35F8F50} = {F0090FF6-7D85-4AC1-BC51-E3C0E5570C5B}
		{3D15717F-8C6E-4E9F-83BE-0D9DBCD5C4CD} = {30B13FA8-3C14-44E3-8445-5AE0AAA52D01}
		{652FB689-2619-4CB5-8F87-32B55F6845D5} = {30B13FA8-3C14-44E3-8445-5AE0AAA52D01}
		{7028149D-FAD4-4631-A8BE-3A23D1F071D0} = {63E9B854-33AA-4F7A-9A22-2D039159D6A0}
		{715545D0-D0A2-4FA2-A21D-876464D468EA} = {63E9B854-33AA-4F7A-9A22-2D039159D6A0}
		{72CED22C-3E9B-464E-872F-82600BAF1935} = {63E9B854-33AA-4F7A-9A22-2D039159D6A0}
		{D0E7747E-518B-46F1-B6E1-FC15F5492713} = {63E9B854-33AA-4F7A-9A22-2D039159D6A0}
		{79B3A544-D499-4DBF-9F84-60B41A6A3C22} = {63E9B854-33AA-4F7A-9A22-2D039159D6A0}
		{DEC1F957-C018-4802-B873-E9E564DA06FD} = {63E9B854-33AA-4F7A-9A22-2D039159D6A0}
		{76220176-8682-458A-B677-5764254D67E3} = {63E9B854-33AA-4F7A-9A22-2D039159D6A0}
		{BCA8E6C2-C995-4953-BFD6-791FFF94A039} = {63E9B854-33AA-4F7A-9A22-2D039159D6A0}
		{14A89109-56DC-4AC3-B65D-DAC88EA33E3D} = {30B13FA8-3C14-44E3-8445-5AE0AAA52D01}
		{FA877A29-00B6-488B-9E32-8C6EE9DCC662} = {63E9B854-33AA-4F7A-9A22-2D039159D6A0}
		{7EF08757-E3EA-445A-A377-11346E0AED29} = {63E9B854-33AA-4F7A-9A22-2D039159D6A0}
		{771F95BD-BD65-46C7-AC79-6D6028923390} = {63E9B854-33AA-4F7A-9A22-2D039159D6A0}
		{A0242FF6-B9F0-44FC-A22B-45F43788605D} = {63E9B854-33AA-4F7A-9A22-2D039159D6A0}
		{171F200C-BEDC-4BD8-A8CA-087C6EFF0DCC} = {63E9B854-33AA-4F7A-9A22-2D039159D6A0}
		{70250572-179E-403D-A355-E1A4F59B46BF} = {D8FE1A3A-A009-4C42-82A7-EB7C9D76E9CB}
		{9290914A-8536-429C-B43C-F5C58C4FABB2} = {D8FE1A3A-A009-4C42-82A7-EB7C9D76E9CB}
		{EBE6F6DD-7F10-416F-BC95-4C0F4FB5EB8D} = {D8FE1A3A-A009-4C42-82A7-EB7C9D76E9CB}
		{ED9FF539-1930-495D-B1B1-056FD00F56A7} = {D8FE1A3A-A009-4C42-82A7-EB7C9D76E9CB}
		{14481CFC-E359-449B-9BAA-97594235E1A1} = {D8FE1A3A-A009-4C42-82A7-EB7C9D76E9CB}
		{4DDA0A93-265A-4451-B6FB-E0246A553BB4} = {D8FE1A3A-A009-4C42-82A7-EB7C9D76E9CB}
		{318BC06B-D1B3-49B3-B660-E54A6812B9C5} = {D8FE1A3A-A009-4C42-82A7-EB7C9D76E9CB}
		{4F99C7ED-145C-497D-B356-3BF651E57924} = {D8FE1A3A-A009-4C42-82A7-EB7C9D76E9CB}
		{A8E0FA67-0BC4-4E75-8836-56D2B8FED823} = {CDA84D87-AAAA-4369-B3D3-6C29F5F1C289}
		{4A129A90-77D9-4426-B979-CD7A90BCFC60} = {CDA84D87-AAAA-4369-B3D3-6C29F5F1C289}
		{0B037B37-DA2D-48EF-BF3A-C05A7A116240} = {CDA84D87-AAAA-4369-B3D3-6C29F5F1C289}
		{4652098B-FCBD-4C03-90E4-B7442273920F} = {CDA84D87-AAAA-4369-B3D3-6C29F5F1C289}
		{56C2F776-76E5-4F03-AB18-10324D786C47} = {CDA84D87-AAAA-4369-B3D3-6C29F5F1C289}
		{73C771BE-CCCB-4543-B75F-5C040FF013B9} = {CDA84D87-AAAA-4369-B3D3-6C29F5F1C289}
		{CBB4C641-A515-4DCC-B739-133ACF15EF7A} = {CDA84D87-AAAA-4369-B3D3-6C29F5F1C289}
		{79E491B8-894F-418F-99C3-B53C5ED5A6FC} = {CDA84D87-AAAA-4369-B3D3-6C29F5F1C289}
		{344F9B3B-0FA8-4B86-A827-06494C2F073C} = {CDA84D87-AAAA-4369-B3D3-6C29F5F1C289}
		{12BFA4A8-99BD-47E0-BA64-F9768C207793} = {CDA84D87-AAAA-4369-B3D3-6C29F5F1C289}
		{107C10CA-167D-4450-A25E-8BD0CCBE177C} = {CDA84D87-AAAA-4369-B3D3-6C29F5F1C289}
		{BFC66200-42E4-4A62-89E9-D9F9C2479CDC} = {CDA84D87-AAAA-4369-B3D3-6C29F5F1C289}
		{FC363492-3355-4363-969A-E84C4D86DE59} = {CDA84D87-AAAA-4369-B3D3-6C29F5F1C289}
		{17E0F5BB-B86C-4835-BA4A-A6D4A4F29B1D} = {CDA84D87-AAAA-4369-B3D3-6C29F5F1C289}
		{A6FB9ABF-5456-4E1C-A8F6-D0B1250C824D} = {CDA84D87-AAAA-4369-B3D3-6C29F5F1C289}
		{9D75BED4-FFD1-457B-BA28-0E2176105778} = {CDA84D87-AAAA-4369-B3D3-6C29F5F1C289}
		{6178A2AE-F858-4F7A-83E5-6BDB03A6EFCD} = {F62D3CB8-14C8-45D7-A06B-AA566755A182}
		{9BDDA79E-DC08-4EC0-8F20-EA3F5B7DDAF5} = {F62D3CB8-14C8-45D7-A06B-AA566755A182}
		{3DD8DEF2-51C2-4040-BF94-09A7D715DD66} = {F62D3CB8-14C8-45D7-A06B-AA566755A182}
		{8C41F6BA-9E02-456D-9259-2E05226D6033} = {F62D3CB8-14C8-45D7-A06B-AA566755A182}
		{7EFEABE5-3413-44EF-9E93-05803B4FCDC6} = {C6917D0F-C238-47B0-9B3E-53F2CFDA950A}
		{F8A3EC83-EE42-46C8-BE50-3CDAE93E54F2} = {C6917D0F-C238-47B0-9B3E-53F2CFDA950A}
		{152804B8-2737-4546-A438-EC860D8BD35C} = {C6917D0F-C238-47B0-9B3E-53F2CFDA950A}
		{25FB7BC3-31A3-4337-BCFB-F3E254113CB4} = {C6917D0F-C238-47B0-9B3E-53F2CFDA950A}
		{CCF894A0-CA98-44BB-A01A-C2D0DAB9FBB8} = {C6917D0F-C238-47B0-9B3E-53F2CFDA950A}
		{BE091198-2EEF-47F7-86EA-48A33442A8F4} = {C6917D0F-C238-47B0-9B3E-53F2CFDA950A}
		{DBA17ABE-5898-459D-A8D7-65E35ED4FD31} = {C6917D0F-C238-47B0-9B3E-53F2CFDA950A}
		{29723B2E-AA7D-4D5A-AA81-686EE86F1AAD} = {C6917D0F-C238-47B0-9B3E-53F2CFDA950A}
		{04234596-7D14-4A0D-A4FE-F0808A954853} = {C6917D0F-C238-47B0-9B3E-53F2CFDA950A}
		{6EC3F2E1-0237-4843-BCFD-B985D41F7347} = {C6917D0F-C238-47B0-9B3E-53F2CFDA950A}
		{8A96C1F7-28AF-47C2-BD9B-BB709AC54B85} = {C6917D0F-C238-47B0-9B3E-53F2CFDA950A}
		{64562265-E4EB-4F2D-9F15-9ADD5CD026DB} = {C6917D0F-C238-47B0-9B3E-53F2CFDA950A}
		{D6FF7DFC-EE10-4722-AE26-953BC05D175E} = {980C5270-4E48-45F4-9C06-F2942A50D2D4}
		{979CAFDC-D50F-4A76-AE64-0FF96E28943D} = {D6FF7DFC-EE10-4722-AE26-953BC05D175E}
		{294812B5-CA1F-4D21-845E-A6371EC3A701} = {980C5270-4E48-45F4-9C06-F2942A50D2D4}
		{9E63B01B-269F-4712-BC45-634E1035FEF3} = {294812B5-CA1F-4D21-845E-A6371EC3A701}
	EndGlobalSection
	GlobalSection(ExtensibilityGlobals) = postSolution
		SolutionGuid = {41F87646-8465-425A-8B7B-268D679CFCF5}
	EndGlobalSection
EndGlobal
