
Microsoft Visual Studio Solution File, Format Version 12.00
# Visual Studio 15
VisualStudioVersion = 15.0.27130.2003
MinimumVisualStudioVersion = 10.0.40219.1
Project("{2150E333-8FDC-42A3-9474-1A3956D46DE8}") = "01.CSharpBasic", "01.CSharpBasic", "{FFB945EB-B783-4385-A2A0-B792D57B2E27}"
	ProjectSection(SolutionItems) = preProject
		CSharpBasic\Readme.txt = CSharpBasic\Readme.txt
	EndProjectSection
EndProject
Project("{2150E333-8FDC-42A3-9474-1A3956D46DE8}") = "01. Introduction-to-Programming", "01. Introduction-to-Programming", "{EB92A624-3E1B-4D64-8ADA-6E7E6305EE66}"
EndProject
Project("{2150E333-8FDC-42A3-9474-1A3956D46DE8}") = "02.CSharpAdvanced", "02.CSharpAdvanced", "{07CCF158-D869-40B9-8311-090032A76C1A}"
EndProject
Project("{2150E333-8FDC-42A3-9474-1A3956D46DE8}") = "01.Arrays", "01.Arrays", "{CF1C1BF0-9485-4572-8EC0-E3388E0D3A61}"
EndProject
Project("{2150E333-8FDC-42A3-9474-1A3956D46DE8}") = "02. Data-Types-and-Variables", "02. Data-Types-and-Variables", "{BEB7D767-6772-4621-886C-F4DEFF6A9C1F}"
EndProject
Project("{2150E333-8FDC-42A3-9474-1A3956D46DE8}") = "03. Operators-and-Expressions", "03. Operators-and-Expressions", "{6D41E1D4-DAFF-484A-AF31-CEA14084FCE6}"
	ProjectSection(SolutionItems) = preProject
		CSharpBasic\03. Operators-and-Expressions\readme.txt = CSharpBasic\03. Operators-and-Expressions\readme.txt
	EndProjectSection
EndProject
Project("{2150E333-8FDC-42A3-9474-1A3956D46DE8}") = "04. Console-In-and-Out", "04. Console-In-and-Out", "{25E9C4C7-5FFA-446F-9D7F-CDCC032C3F20}"
	ProjectSection(SolutionItems) = preProject
		CSharpBasic\04. Console-In-and-Out\readme.txt = CSharpBasic\04. Console-In-and-Out\readme.txt
	EndProjectSection
EndProject
Project("{2150E333-8FDC-42A3-9474-1A3956D46DE8}") = "05. Conditional-Statements", "05. Conditional-Statements", "{6CB4E256-904C-4B79-A257-DF6E1B96D38D}"
	ProjectSection(SolutionItems) = preProject
		CSharpBasic\05. Conditional-Statements\readme.txt = CSharpBasic\05. Conditional-Statements\readme.txt
	EndProjectSection
EndProject
Project("{2150E333-8FDC-42A3-9474-1A3956D46DE8}") = "06. Loops", "06. Loops", "{0D4239DF-82A6-4AB6-82A8-A51F33AE2E15}"
	ProjectSection(SolutionItems) = preProject
		CSharpBasic\06. Loops\readme.txt = CSharpBasic\06. Loops\readme.txt
	EndProjectSection
EndProject
Project("{2150E333-8FDC-42A3-9474-1A3956D46DE8}") = "07. Arrays", "07. Arrays", "{F0090FF6-7D85-4AC1-BC51-E3C0E5570C5B}"
	ProjectSection(SolutionItems) = preProject
		CSharpBasic\07. Arrays\readme.txt = CSharpBasic\07. Arrays\readme.txt
	EndProjectSection
EndProject
Project("{2150E333-8FDC-42A3-9474-1A3956D46DE8}") = "02. Multidimensional-Arrays", "02. Multidimensional-Arrays", "{30B13FA8-3C14-44E3-8445-5AE0AAA52D01}"
EndProject
Project("{2150E333-8FDC-42A3-9474-1A3956D46DE8}") = "03. Methods", "03. Methods", "{63E9B854-33AA-4F7A-9A22-2D039159D6A0}"
EndProject
Project("{2150E333-8FDC-42A3-9474-1A3956D46DE8}") = "04. Numeral-Systems", "04. Numeral-Systems", "{178B7D57-3EA0-4F93-9DE2-C9E4A275AAE4}"
EndProject
Project("{2150E333-8FDC-42A3-9474-1A3956D46DE8}") = "05. Using-Classes-and-Objects", "05. Using-Classes-and-Objects", "{D8FE1A3A-A009-4C42-82A7-EB7C9D76E9CB}"
EndProject
Project("{2150E333-8FDC-42A3-9474-1A3956D46DE8}") = "06. Strings-and-Text-Processing", "06. Strings-and-Text-Processing", "{CDA84D87-AAAA-4369-B3D3-6C29F5F1C289}"
EndProject
Project("{2150E333-8FDC-42A3-9474-1A3956D46DE8}") = "07. Exception-Handling", "07. Exception-Handling", "{F62D3CB8-14C8-45D7-A06B-AA566755A182}"
EndProject
Project("{2150E333-8FDC-42A3-9474-1A3956D46DE8}") = "08. Text-Files", "08. Text-Files", "{C6917D0F-C238-47B0-9B3E-53F2CFDA950A}"
EndProject
Global
	GlobalSection(SolutionProperties) = preSolution
		HideSolutionNode = FALSE
	EndGlobalSection
	GlobalSection(NestedProjects) = preSolution
		{EB92A624-3E1B-4D64-8ADA-6E7E6305EE66} = {FFB945EB-B783-4385-A2A0-B792D57B2E27}
		{CF1C1BF0-9485-4572-8EC0-E3388E0D3A61} = {07CCF158-D869-40B9-8311-090032A76C1A}
		{BEB7D767-6772-4621-886C-F4DEFF6A9C1F} = {FFB945EB-B783-4385-A2A0-B792D57B2E27}
		{6D41E1D4-DAFF-484A-AF31-CEA14084FCE6} = {FFB945EB-B783-4385-A2A0-B792D57B2E27}
		{25E9C4C7-5FFA-446F-9D7F-CDCC032C3F20} = {FFB945EB-B783-4385-A2A0-B792D57B2E27}
		{6CB4E256-904C-4B79-A257-DF6E1B96D38D} = {FFB945EB-B783-4385-A2A0-B792D57B2E27}
		{0D4239DF-82A6-4AB6-82A8-A51F33AE2E15} = {FFB945EB-B783-4385-A2A0-B792D57B2E27}
		{F0090FF6-7D85-4AC1-BC51-E3C0E5570C5B} = {FFB945EB-B783-4385-A2A0-B792D57B2E27}
		{30B13FA8-3C14-44E3-8445-5AE0AAA52D01} = {07CCF158-D869-40B9-8311-090032A76C1A}
		{63E9B854-33AA-4F7A-9A22-2D039159D6A0} = {07CCF158-D869-40B9-8311-090032A76C1A}
		{178B7D57-3EA0-4F93-9DE2-C9E4A275AAE4} = {07CCF158-D869-40B9-8311-090032A76C1A}
		{D8FE1A3A-A009-4C42-82A7-EB7C9D76E9CB} = {07CCF158-D869-40B9-8311-090032A76C1A}
		{CDA84D87-AAAA-4369-B3D3-6C29F5F1C289} = {07CCF158-D869-40B9-8311-090032A76C1A}
		{F62D3CB8-14C8-45D7-A06B-AA566755A182} = {07CCF158-D869-40B9-8311-090032A76C1A}
		{C6917D0F-C238-47B0-9B3E-53F2CFDA950A} = {07CCF158-D869-40B9-8311-090032A76C1A}
	EndGlobalSection
	GlobalSection(ExtensibilityGlobals) = postSolution
		SolutionGuid = {41F87646-8465-425A-8B7B-268D679CFCF5}
	EndGlobalSection
EndGlobal
